
Microsoft Visual Studio Solution File, Format Version 12.00
# Visual Studio Version 17
VisualStudioVersion = 17.9.34701.34
MinimumVisualStudioVersion = 10.0.40219.1
Project("{8BC9CEB8-8B4A-11D0-8D11-00A0C91BC942}") = "01_namespace命名空间", "01_namespace命名空间\01_namespace命名空间.vcxproj", "{CD2A5328-215B-4FF1-B15D-AA46E13EECE2}"
EndProject
Project("{8BC9CEB8-8B4A-11D0-8D11-00A0C91BC942}") = "02_using声明以及using编译指令", "02_using声明以及using编译指令\02_using声明以及using编译指令.vcxproj", "{ADEA43CE-7AA3-4B09-9ACC-3B342BD33170}"
EndProject
Project("{8BC9CEB8-8B4A-11D0-8D11-00A0C91BC942}") = "03-1_C++对C语言的增强与扩展_C语言", "03-1_C++对C语言的增强与扩展_C语言\03-1_C++对C语言的增强与扩展_C语言.vcxproj", "{0A187DA4-B670-47B2-86D0-49BE5DDF2D95}"
EndProject
Project("{8BC9CEB8-8B4A-11D0-8D11-00A0C91BC942}") = "03-2_C++对C语言的增强与扩展_C++", "03-2_C++对C语言的增强与扩展_C++\03-2_C++对C语言的增强与扩展_C++.vcxproj", "{594702C4-7AB5-45E4-A582-C3A72A7F368C}"
EndProject
Project("{8BC9CEB8-8B4A-11D0-8D11-00A0C91BC942}") = "04-1_C语言下const修饰全局变量默认是外部链接属性", "04-1_C语言下const修饰全局变量默认是外部链接属性\04-1_C语言下const修饰全局变量默认是外部链接属性.vcxproj", "{735B4888-1767-4C9A-A109-C2DC292B82CC}"
EndProject
Project("{8BC9CEB8-8B4A-11D0-8D11-00A0C91BC942}") = "04-2_C++下const修饰全局变量默认是内部链接属性", "04-2_C++下const修饰全局变量默认是内部链接属性\04-2_C++下const修饰全局变量默认是内部链接属性.vcxproj", "{AE46CEB8-2684-43A8-B2CB-891673646034}"
EndProject
Project("{8BC9CEB8-8B4A-11D0-8D11-00A0C91BC942}") = "05_const分配内存情况", "05_const分配内存情况\05_const分配内存情况.vcxproj", "{A81FFE30-75FC-40B3-A676-E30743D08A4C}"
EndProject
Project("{8BC9CEB8-8B4A-11D0-8D11-00A0C91BC942}") = "06_引用的基本语法", "06_引用的基本语法\06_引用的基本语法.vcxproj", "{A245E98D-B02D-4254-B21F-958546F83137}"
EndProject
Project("{8BC9CEB8-8B4A-11D0-8D11-00A0C91BC942}") = "07_参数的传递方式", "07_参数的传递方式\07_参数的传递方式.vcxproj", "{49392EEB-A7BF-408C-979A-3E347107670C}"
EndProject
Project("{8BC9CEB8-8B4A-11D0-8D11-00A0C91BC942}") = "08_引用的注意事项", "08_引用的注意事项\08_引用的注意事项.vcxproj", "{A541CABC-E35D-4947-A4E7-E67ED56F48EE}"
EndProject
Project("{8BC9CEB8-8B4A-11D0-8D11-00A0C91BC942}") = "09_指针引用", "09_指针引用\09_指针引用.vcxproj", "{769127F5-B20E-453E-BD13-B748709AEF75}"
EndProject
Project("{8BC9CEB8-8B4A-11D0-8D11-00A0C91BC942}") = "10_常量的引用", "10_常量的引用\10_常量的引用.vcxproj", "{849CE45B-E084-42C5-891F-8F50567FE9A5}"
EndProject
Project("{8BC9CEB8-8B4A-11D0-8D11-00A0C91BC942}") = "11_内联函数", "11_内联函数\11_内联函数.vcxproj", "{4A5DE41E-E788-4686-A471-44F4B3EBB70E}"
EndProject
Project("{8BC9CEB8-8B4A-11D0-8D11-00A0C91BC942}") = "12_函数的默认参数和占位参数", "12_函数的默认参数和占位参数\12_函数的默认参数和占位参数.vcxproj", "{7554977D-B17E-472B-896C-23C0DB1CE3FA}"
EndProject
Project("{8BC9CEB8-8B4A-11D0-8D11-00A0C91BC942}") = "13_函数重载", "13_函数重载\13_函数重载.vcxproj", "{D4845132-242D-40D2-88B2-61110C1C6A25}"
EndProject
Project("{8BC9CEB8-8B4A-11D0-8D11-00A0C91BC942}") = "14_构造函数的分类以及调用", "14_构造函数的分类以及调用\14_构造函数的分类以及调用.vcxproj", "{24606172-1875-40B6-B0E0-CD84C00EE8BA}"
EndProject
Project("{8BC9CEB8-8B4A-11D0-8D11-00A0C91BC942}") = "15_拷贝构造函数调用时机", "15_拷贝构造函数调用时机\15_拷贝构造函数调用时机.vcxproj", "{D8F6F975-E5AB-4F60-BD24-F7BA27A836C0}"
EndProject
Project("{8BC9CEB8-8B4A-11D0-8D11-00A0C91BC942}") = "16_构造函数的调用规则", "16_构造函数的调用规则\16_构造函数的调用规则.vcxproj", "{B9B2C422-E2FD-4370-A399-93EF829C4ECA}"
EndProject
Project("{8BC9CEB8-8B4A-11D0-8D11-00A0C91BC942}") = "17_初始化列表", "17_初始化列表\17_初始化列表.vcxproj", "{6C7C78D1-20E8-40EF-B0D5-9D25AED1A6DB}"
EndProject
Project("{8BC9CEB8-8B4A-11D0-8D11-00A0C91BC942}") = "18_类对象作为类中的成员时", "18_类对象作为类中的成员时\18_类对象作为类中的成员时.vcxproj", "{EBA8FC6A-92E0-4AF6-99BB-45139167BCC4}"
EndProject
Project("{8BC9CEB8-8B4A-11D0-8D11-00A0C91BC942}") = "19_explicit关键字的使用", "19_explicit关键字的使用\19_explicit关键字的使用.vcxproj", "{8FC52C7F-367B-4A81-80E0-AE43556954D9}"
EndProject
Project("{8BC9CEB8-8B4A-11D0-8D11-00A0C91BC942}") = "20-1_malloc和new的区别", "20-1_malloc和new的区别\20-1_malloc和new的区别.vcxproj", "{127AC3D5-5724-4EF9-9323-880173D9EF2D}"
EndProject
Project("{8BC9CEB8-8B4A-11D0-8D11-00A0C91BC942}") = "21_静态成员变量", "21_静态成员变量\21_静态成员变量.vcxproj", "{CD7B7B27-3245-4178-BDFA-88368197D8C4}"
EndProject
Project("{8BC9CEB8-8B4A-11D0-8D11-00A0C91BC942}") = "22_静态成员函数", "22_静态成员函数\22_静态成员函数.vcxproj", "{83EDF738-771F-4E6E-A25B-8D01808C4BE5}"
EndProject
Project("{8BC9CEB8-8B4A-11D0-8D11-00A0C91BC942}") = "23_单例模式-主席类", "23_单例模式-主席类\23_单例模式-主席类.vcxproj", "{1476BED9-5DD6-4E26-8AF7-923798921981}"
EndProject
Project("{8BC9CEB8-8B4A-11D0-8D11-00A0C91BC942}") = "24_单例模式-打印机", "24_单例模式-打印机\24_单例模式-打印机.vcxproj", "{FF3B0BAC-357A-49CB-9C80-2E3D5998E4E5}"
EndProject
Project("{8BC9CEB8-8B4A-11D0-8D11-00A0C91BC942}") = "25_C++对象模型初探", "25_C++对象模型初探\25_C++对象模型初探.vcxproj", "{2323A25B-1108-4AC4-B49D-E57C0253CBB4}"
EndProject
Project("{8BC9CEB8-8B4A-11D0-8D11-00A0C91BC942}") = "26_this指针", "26_this指针\26_this指针.vcxproj", "{7B0E904D-0887-4378-AB09-E3DA4AD01938}"
EndProject
Project("{8BC9CEB8-8B4A-11D0-8D11-00A0C91BC942}") = "27_空指针访问成员函数", "27_空指针访问成员函数\27_空指针访问成员函数.vcxproj", "{28DBEB65-7DBC-4A19-A21F-F6545BA17177}"
EndProject
Project("{8BC9CEB8-8B4A-11D0-8D11-00A0C91BC942}") = "28_常函数和常对象", "28_常函数和常对象\28_常函数和常对象.vcxproj", "{3879B8E6-67B6-4169-9D75-FD68991337FC}"
EndProject
Project("{8BC9CEB8-8B4A-11D0-8D11-00A0C91BC942}") = "29_全局函数做友元函数", "29_全局函数做友元函数\29_全局函数做友元函数.vcxproj", "{0CB83339-94AE-47A8-B341-C2F8DEF60014}"
EndProject
Project("{8BC9CEB8-8B4A-11D0-8D11-00A0C91BC942}") = "30_类作为友元类", "30_类作为友元类\30_类作为友元类.vcxproj", "{51E36FB3-DC69-41DD-A502-6160C9DB4794}"
EndProject
Project("{8BC9CEB8-8B4A-11D0-8D11-00A0C91BC942}") = "31_类中的成员函数作为友元函数", "31_类中的成员函数作为友元函数\31_类中的成员函数作为友元函数.vcxproj", "{52B10188-4939-4636-A68D-5CBD754F8790}"
EndProject
Project("{8BC9CEB8-8B4A-11D0-8D11-00A0C91BC942}") = "32_数组类封装", "32_数组类封装\32_数组类封装.vcxproj", "{540A5EDD-8DB0-48FD-966C-A2CA124E3E0F}"
EndProject
Project("{8BC9CEB8-8B4A-11D0-8D11-00A0C91BC942}") = "33_加号运算符重载", "33_加号运算符重载\33_加号运算符重载.vcxproj", "{3DA22F3B-A585-4BC4-A135-F1D2B1DC36E6}"
EndProject
Project("{8BC9CEB8-8B4A-11D0-8D11-00A0C91BC942}") = "34_左移运算符重载", "34_左移运算符重载\34_左移运算符重载.vcxproj", "{792F402A-CDDA-451F-99EC-21244446725D}"
EndProject
Project("{8BC9CEB8-8B4A-11D0-8D11-00A0C91BC942}") = "35_前置后置递增运算符重载", "35_前置后置递增运算符重载\35_前置后置递增运算符重载.vcxproj", "{AEA2CB21-0FF9-47B7-8D4A-8942C6D18E2D}"
EndProject
Project("{8BC9CEB8-8B4A-11D0-8D11-00A0C91BC942}") = "36_指针运算符重载--智能指针", "36_指针运算符重载--智能指针\36_指针运算符重载--智能指针.vcxproj", "{D49DC3EB-5CBB-4879-B14D-40F9276339A2}"
EndProject
Project("{8BC9CEB8-8B4A-11D0-8D11-00A0C91BC942}") = "37_赋值运算符重载", "37_赋值运算符重载\37_赋值运算符重载.vcxproj", "{DD9FB2A2-5AA1-47D6-8C18-FD2068D24844}"
EndProject
Project("{8BC9CEB8-8B4A-11D0-8D11-00A0C91BC942}") = "38_[]运算符重载", "38_[]运算符重载\38_[]运算符重载.vcxproj", "{B49DCCEB-55BC-45C5-8788-A265BC59BA57}"
EndProject
Project("{8BC9CEB8-8B4A-11D0-8D11-00A0C91BC942}") = "39_关系运算符重载", "39_关系运算符重载\39_关系运算符重载.vcxproj", "{136496CC-6AFD-4BFE-BD5B-B8A3DD5FCE98}"
EndProject
Project("{8BC9CEB8-8B4A-11D0-8D11-00A0C91BC942}") = "40_函数调用运算符重载", "40_函数调用运算符重载\40_函数调用运算符重载.vcxproj", "{964F1064-F839-4AFE-864A-2CFAE2AF352C}"
EndProject
Project("{8BC9CEB8-8B4A-11D0-8D11-00A0C91BC942}") = "41_强化训练重载运算符-字符串类", "41_强化训练重载运算符-字符串类\41_强化训练重载运算符-字符串类.vcxproj", "{31D5088C-6250-4F6F-B4DC-D6E3B1E1735E}"
EndProject
Project("{8BC9CEB8-8B4A-11D0-8D11-00A0C91BC942}") = "42_继承的基本语法", "42_继承的基本语法\42_继承的基本语法.vcxproj", "{A0BF7F4E-84D4-429E-852C-68B75A06BAC3}"
EndProject
Project("{8BC9CEB8-8B4A-11D0-8D11-00A0C91BC942}") = "43_三种继承方式", "43_三种继承方式\43_三种继承方式.vcxproj", "{559C3E80-EFDE-4C42-BA81-DD03650FE6C5}"
EndProject
Project("{8BC9CEB8-8B4A-11D0-8D11-00A0C91BC942}") = "44_继承中的对象模型", "44_继承中的对象模型\44_继承中的对象模型.vcxproj", "{E619D00D-2F63-4E15-9719-957EFCA15F61}"
EndProject
Project("{8BC9CEB8-8B4A-11D0-8D11-00A0C91BC942}") = "45-1_继承中的构造顺序和析构顺序", "45-1_继承中的构造顺序和析构顺序\45-1_继承中的构造顺序和析构顺序.vcxproj", "{495ABFC7-95BC-46D4-BC8E-43BD4ED65C03}"
EndProject
Project("{8BC9CEB8-8B4A-11D0-8D11-00A0C91BC942}") = "45-2_继承中的构造顺序和析构顺序_显式调用父类的有参构造", "45-2_继承中的构造顺序和析构顺序_显式调用父类的有参构造\45-2_继承中的构造顺序和析构顺序_显式调用父类的有参构造.vcxproj", "{FF1B6F74-9838-4D8F-87B7-3B0FC24078A4}"
EndProject
Project("{8BC9CEB8-8B4A-11D0-8D11-00A0C91BC942}") = "46_继承中访问同名的成员", "46_继承中访问同名的成员\46_继承中访问同名的成员.vcxproj", "{E844F5C8-2A72-49CF-96AB-FDF099ED24D5}"
EndProject
Project("{8BC9CEB8-8B4A-11D0-8D11-00A0C91BC942}") = "47_继承中的同名成员函数隐蔽问题的处理", "47_继承中的同名成员函数隐蔽问题的处理\47_继承中的同名成员函数隐蔽问题的处理.vcxproj", "{C179BA5D-D82E-4913-83EC-F3DA771FD5FC}"
EndProject
Project("{8BC9CEB8-8B4A-11D0-8D11-00A0C91BC942}") = "48-1_继承中访问同名的静态成员", "48_继承中同名静态成员处理\48_继承中同名静态成员处理.vcxproj", "{A3A800A8-9A30-4399-9320-B468EEE17ED2}"
EndProject
Project("{8BC9CEB8-8B4A-11D0-8D11-00A0C91BC942}") = "48-2_继承中同名静态成员函数屏蔽问题的处理", "48-2_继承中同名静态成员函数屏蔽问题的处理\48-2_继承中同名静态成员函数屏蔽问题的处理.vcxproj", "{FCEBB45F-C148-4331-8EAD-969EADF23F55}"
EndProject
Project("{8BC9CEB8-8B4A-11D0-8D11-00A0C91BC942}") = "49_多继承的基本语法", "49_多继承的基本语法\49_多继承的基本语法.vcxproj", "{287A2B00-F816-4923-89C7-6AFFC4B30442}"
EndProject
Project("{8BC9CEB8-8B4A-11D0-8D11-00A0C91BC942}") = "50_菱形继承的问题", "50_菱形继承的问题\50_菱形继承的问题.vcxproj", "{0CF91770-62D7-4DF9-87E9-20DDB887808B}"
EndProject
Project("{8BC9CEB8-8B4A-11D0-8D11-00A0C91BC942}") = "51_菱形继承问题的解决", "51_菱形继承问题的解决\51_菱形继承问题的解决.vcxproj", "{D43FC850-FC80-4D1A-AE9F-FE798085936B}"
EndProject
Project("{8BC9CEB8-8B4A-11D0-8D11-00A0C91BC942}") = "52_虚继承内部工作原理", "52_虚继承内部工作原理\52_虚继承内部工作原理.vcxproj", "{F505C921-88F7-492D-AFC3-759AA347CDA9}"
EndProject
Project("{8BC9CEB8-8B4A-11D0-8D11-00A0C91BC942}") = "53-1_静态联编", "53-1_静态联编\53-1_静态联编.vcxproj", "{113A387B-64DD-4934-B3CB-D36572ACE567}"
EndProject
Project("{8BC9CEB8-8B4A-11D0-8D11-00A0C91BC942}") = "53-2_动态联编", "53-2_动态联编\53-2_动态联编.vcxproj", "{127644A2-59C9-4CF3-9B26-7118AD104813}"
EndProject
Project("{8BC9CEB8-8B4A-11D0-8D11-00A0C91BC942}") = "54-1_虚函数原理剖析一", "54-1_虚函数原理剖析一\54-1_虚函数原理剖析一.vcxproj", "{C77B3C17-087F-4731-8840-AE161958B559}"
EndProject
Project("{8BC9CEB8-8B4A-11D0-8D11-00A0C91BC942}") = "54-2_虚函数原理剖析二", "54-2_虚函数原理剖析二\54-2_虚函数原理剖析二.vcxproj", "{FDD4B60E-A93C-440D-8C8D-614F3C43CE2D}"
EndProject
Project("{8BC9CEB8-8B4A-11D0-8D11-00A0C91BC942}") = "55_虚函数深入剖析", "55_虚函数深入剖析\55_虚函数深入剖析.vcxproj", "{D826A6F0-2909-4976-9112-6D53A37B80FD}"
EndProject
Project("{8BC9CEB8-8B4A-11D0-8D11-00A0C91BC942}") = "56_多态案例实现_计算器", "56_多态案例实现_计算器\56_多态案例实现_计算器.vcxproj", "{E584633D-69A8-48DB-AFF1-939FC32ECA5E}"
EndProject
Project("{8BC9CEB8-8B4A-11D0-8D11-00A0C91BC942}") = "57_纯虚函数和抽象类", "57_纯虚函数和抽象类\57_纯虚函数和抽象类.vcxproj", "{C7C04B43-903A-44AA-B6A4-47231A21214A}"
EndProject
Project("{8BC9CEB8-8B4A-11D0-8D11-00A0C91BC942}") = "58_父类的析构函数要virtual的原因", "58_父类的析构函数要virtual的原因\58_父类的析构函数要virtual的原因.vcxproj", "{37D10172-2F15-4F6C-84E8-BD56FD6AC734}"
EndProject
Project("{8BC9CEB8-8B4A-11D0-8D11-00A0C91BC942}") = "59_解决58出现的问题", "59_解决58出现的问题\59_解决58出现的问题.vcxproj", "{CD40FB1D-7D43-4234-B096-57FA55025C49}"
EndProject
Project("{8BC9CEB8-8B4A-11D0-8D11-00A0C91BC942}") = "60_纯虚析构函数", "60_纯虚析构函数\60_纯虚析构函数.vcxproj", "{BA7DC949-E1F0-40B4-BFDB-986E7B7C3BCA}"
EndProject
Project("{8BC9CEB8-8B4A-11D0-8D11-00A0C91BC942}") = "61_电脑组装案例实现", "61_电脑组装案例实现\61_电脑组装案例实现.vcxproj", "{2BFB79E8-B23A-4CDA-BD9E-0AEC8561BC21}"
EndProject
Project("{8BC9CEB8-8B4A-11D0-8D11-00A0C91BC942}") = "62_函数模板", "62_函数模板\62_函数模板.vcxproj", "{B906DD34-CDD7-4186-83AE-FCB4F6FF2688}"
EndProject
Project("{8BC9CEB8-8B4A-11D0-8D11-00A0C91BC942}") = "63_实现对char和int类型的数组排序", "63_实现对char和int类型的数组排序\63_实现对char和int类型的数组排序.vcxproj", "{A5397F6B-36F8-4F4D-BFE6-36C80DADA215}"
EndProject
Project("{8BC9CEB8-8B4A-11D0-8D11-00A0C91BC942}") = "64_模板函数与普通函数调用规则", "64_模板函数与普通函数调用规则\64_模板函数与普通函数调用规则.vcxproj", "{14C385C3-8556-4EF1-8137-4C8A2B5DD6DD}"
EndProject
Project("{8BC9CEB8-8B4A-11D0-8D11-00A0C91BC942}") = "65_模板的局限性(特化)", "65_模板的局限性(特化)\65_模板的局限性(特化).vcxproj", "{EBA3435F-3332-4A13-90D1-C9E6D2AED4F4}"
EndProject
Project("{8BC9CEB8-8B4A-11D0-8D11-00A0C91BC942}") = "66_类模板基本语法", "66_类模板基本语法\66_类模板基本语法.vcxproj", "{4ACCD100-6264-448F-8CE8-8BE869B687F7}"
EndProject
Project("{8BC9CEB8-8B4A-11D0-8D11-00A0C91BC942}") = "67_类模板中的成员函数创建时机", "67_类模板中的成员函数创建时机\67_类模板中的成员函数创建时机.vcxproj", "{5FD4E42C-323A-45FB-8181-2AA317943DED}"
EndProject
Project("{8BC9CEB8-8B4A-11D0-8D11-00A0C91BC942}") = "68_类模板做函数参数", "68_类模板做函数参数\68_类模板做函数参数.vcxproj", "{8E2F7E34-FB95-4DDA-8B8B-9BA6AED422E0}"
EndProject
Project("{8BC9CEB8-8B4A-11D0-8D11-00A0C91BC942}") = "69_typeid查看类模板参数具体数据类型", "69_typeid查看类模板参数具体数据类型\69_typeid查看类模板参数具体数据类型.vcxproj", "{BA3E191A-B765-41FA-B0BE-1639BEBBEED6}"
EndProject
Project("{8BC9CEB8-8B4A-11D0-8D11-00A0C91BC942}") = "70_类模板碰到继承的问题以及解决", "70_类模板碰到继承的问题以及解决\70_类模板碰到继承的问题以及解决.vcxproj", "{EB5E306E-8AC4-46F2-9C8F-F21485D60419}"
EndProject
Project("{8BC9CEB8-8B4A-11D0-8D11-00A0C91BC942}") = "71_类模板中的成员函数类外实现", "71_类模板中的成员函数类外实现\71_类模板中的成员函数类外实现.vcxproj", "{75E50300-07D9-4F5A-AB1F-E47D612FD2FB}"
EndProject
Project("{8BC9CEB8-8B4A-11D0-8D11-00A0C91BC942}") = "72_类模板的分文件编写问题以及解决", "72_类模板的分文件编写问题以及解决\72_类模板的分文件编写问题以及解决.vcxproj", "{A4BCD0F9-6877-4894-A0C2-AACA8157518A}"
EndProject
Project("{8BC9CEB8-8B4A-11D0-8D11-00A0C91BC942}") = "73_类模板碰到友元函数", "73_类模板碰到友元函数\73_类模板碰到友元函数.vcxproj", "{F2D7BB2A-2C79-4EFD-AD01-6DD5782BD0C7}"
EndProject
Project("{8BC9CEB8-8B4A-11D0-8D11-00A0C91BC942}") = "74_类模板应用-实现通用类型数组", "74_类模板应用-实现通用类型数组\74_类模板应用-实现通用类型数组.vcxproj", "{9D9D9DD9-84E9-4F40-923F-E63C6E076B73}"
EndProject
Project("{8BC9CEB8-8B4A-11D0-8D11-00A0C91BC942}") = "75_C++类型转换", "75_C++类型转换\75_C++类型转换.vcxproj", "{45FCC9AA-A75A-4CDC-83D3-CFFBB6B99E62}"
EndProject
Project("{8BC9CEB8-8B4A-11D0-8D11-00A0C91BC942}") = "76_异常的基本语法", "76_异常的基本语法\76_异常的基本语法.vcxproj", "{E8B520C4-1215-4908-BF69-2D632A076E8B}"
EndProject
Project("{8BC9CEB8-8B4A-11D0-8D11-00A0C91BC942}") = "77_栈解旋", "77_栈解旋\77_栈解旋.vcxproj", "{A5091215-2FF0-4325-966D-DCC0153722D7}"
EndProject
Project("{8BC9CEB8-8B4A-11D0-8D11-00A0C91BC942}") = "78_异常对象的生命周期", "78_异常对象的生命周期\78_异常对象的生命周期.vcxproj", "{ACAFCE77-9FCE-479C-AF46-35BE1D63E558}"
EndProject
Project("{8BC9CEB8-8B4A-11D0-8D11-00A0C91BC942}") = "79_异常的多态使用", "79_异常的多态使用\79_异常的多态使用.vcxproj", "{93BB8AB4-BB1F-4CF3-9BB8-E57D396DB290}"
EndProject
Project("{8BC9CEB8-8B4A-11D0-8D11-00A0C91BC942}") = "80_使用系统标准异常", "80_使用系统标准异常\80_使用系统标准异常.vcxproj", "{DC2E1136-6CD8-4BBC-8ADF-6C7B4D308292}"
EndProject
Project("{8BC9CEB8-8B4A-11D0-8D11-00A0C91BC942}") = "81_编写自己的异常类", "81_编写自己的异常类\81_编写自己的异常类.vcxproj", "{D8575B66-BC96-44D2-A1E8-1E0C7B8B4277}"
EndProject
Global
	GlobalSection(SolutionConfigurationPlatforms) = preSolution
		Debug|x64 = Debug|x64
		Debug|x86 = Debug|x86
		Release|x64 = Release|x64
		Release|x86 = Release|x86
	EndGlobalSection
	GlobalSection(ProjectConfigurationPlatforms) = postSolution
		{CD2A5328-215B-4FF1-B15D-AA46E13EECE2}.Debug|x64.ActiveCfg = Debug|x64
		{CD2A5328-215B-4FF1-B15D-AA46E13EECE2}.Debug|x64.Build.0 = Debug|x64
		{CD2A5328-215B-4FF1-B15D-AA46E13EECE2}.Debug|x86.ActiveCfg = Debug|Win32
		{CD2A5328-215B-4FF1-B15D-AA46E13EECE2}.Debug|x86.Build.0 = Debug|Win32
		{CD2A5328-215B-4FF1-B15D-AA46E13EECE2}.Release|x64.ActiveCfg = Release|x64
		{CD2A5328-215B-4FF1-B15D-AA46E13EECE2}.Release|x64.Build.0 = Release|x64
		{CD2A5328-215B-4FF1-B15D-AA46E13EECE2}.Release|x86.ActiveCfg = Release|Win32
		{CD2A5328-215B-4FF1-B15D-AA46E13EECE2}.Release|x86.Build.0 = Release|Win32
		{ADEA43CE-7AA3-4B09-9ACC-3B342BD33170}.Debug|x64.ActiveCfg = Debug|x64
		{ADEA43CE-7AA3-4B09-9ACC-3B342BD33170}.Debug|x64.Build.0 = Debug|x64
		{ADEA43CE-7AA3-4B09-9ACC-3B342BD33170}.Debug|x86.ActiveCfg = Debug|Win32
		{ADEA43CE-7AA3-4B09-9ACC-3B342BD33170}.Debug|x86.Build.0 = Debug|Win32
		{ADEA43CE-7AA3-4B09-9ACC-3B342BD33170}.Release|x64.ActiveCfg = Release|x64
		{ADEA43CE-7AA3-4B09-9ACC-3B342BD33170}.Release|x64.Build.0 = Release|x64
		{ADEA43CE-7AA3-4B09-9ACC-3B342BD33170}.Release|x86.ActiveCfg = Release|Win32
		{ADEA43CE-7AA3-4B09-9ACC-3B342BD33170}.Release|x86.Build.0 = Release|Win32
		{0A187DA4-B670-47B2-86D0-49BE5DDF2D95}.Debug|x64.ActiveCfg = Debug|x64
		{0A187DA4-B670-47B2-86D0-49BE5DDF2D95}.Debug|x64.Build.0 = Debug|x64
		{0A187DA4-B670-47B2-86D0-49BE5DDF2D95}.Debug|x86.ActiveCfg = Debug|Win32
		{0A187DA4-B670-47B2-86D0-49BE5DDF2D95}.Debug|x86.Build.0 = Debug|Win32
		{0A187DA4-B670-47B2-86D0-49BE5DDF2D95}.Release|x64.ActiveCfg = Release|x64
		{0A187DA4-B670-47B2-86D0-49BE5DDF2D95}.Release|x64.Build.0 = Release|x64
		{0A187DA4-B670-47B2-86D0-49BE5DDF2D95}.Release|x86.ActiveCfg = Release|Win32
		{0A187DA4-B670-47B2-86D0-49BE5DDF2D95}.Release|x86.Build.0 = Release|Win32
		{594702C4-7AB5-45E4-A582-C3A72A7F368C}.Debug|x64.ActiveCfg = Debug|x64
		{594702C4-7AB5-45E4-A582-C3A72A7F368C}.Debug|x64.Build.0 = Debug|x64
		{594702C4-7AB5-45E4-A582-C3A72A7F368C}.Debug|x86.ActiveCfg = Debug|Win32
		{594702C4-7AB5-45E4-A582-C3A72A7F368C}.Debug|x86.Build.0 = Debug|Win32
		{594702C4-7AB5-45E4-A582-C3A72A7F368C}.Release|x64.ActiveCfg = Release|x64
		{594702C4-7AB5-45E4-A582-C3A72A7F368C}.Release|x64.Build.0 = Release|x64
		{594702C4-7AB5-45E4-A582-C3A72A7F368C}.Release|x86.ActiveCfg = Release|Win32
		{594702C4-7AB5-45E4-A582-C3A72A7F368C}.Release|x86.Build.0 = Release|Win32
		{735B4888-1767-4C9A-A109-C2DC292B82CC}.Debug|x64.ActiveCfg = Debug|x64
		{735B4888-1767-4C9A-A109-C2DC292B82CC}.Debug|x64.Build.0 = Debug|x64
		{735B4888-1767-4C9A-A109-C2DC292B82CC}.Debug|x86.ActiveCfg = Debug|Win32
		{735B4888-1767-4C9A-A109-C2DC292B82CC}.Debug|x86.Build.0 = Debug|Win32
		{735B4888-1767-4C9A-A109-C2DC292B82CC}.Release|x64.ActiveCfg = Release|x64
		{735B4888-1767-4C9A-A109-C2DC292B82CC}.Release|x64.Build.0 = Release|x64
		{735B4888-1767-4C9A-A109-C2DC292B82CC}.Release|x86.ActiveCfg = Release|Win32
		{735B4888-1767-4C9A-A109-C2DC292B82CC}.Release|x86.Build.0 = Release|Win32
		{AE46CEB8-2684-43A8-B2CB-891673646034}.Debug|x64.ActiveCfg = Debug|x64
		{AE46CEB8-2684-43A8-B2CB-891673646034}.Debug|x64.Build.0 = Debug|x64
		{AE46CEB8-2684-43A8-B2CB-891673646034}.Debug|x86.ActiveCfg = Debug|Win32
		{AE46CEB8-2684-43A8-B2CB-891673646034}.Debug|x86.Build.0 = Debug|Win32
		{AE46CEB8-2684-43A8-B2CB-891673646034}.Release|x64.ActiveCfg = Release|x64
		{AE46CEB8-2684-43A8-B2CB-891673646034}.Release|x64.Build.0 = Release|x64
		{AE46CEB8-2684-43A8-B2CB-891673646034}.Release|x86.ActiveCfg = Release|Win32
		{AE46CEB8-2684-43A8-B2CB-891673646034}.Release|x86.Build.0 = Release|Win32
		{A81FFE30-75FC-40B3-A676-E30743D08A4C}.Debug|x64.ActiveCfg = Debug|x64
		{A81FFE30-75FC-40B3-A676-E30743D08A4C}.Debug|x64.Build.0 = Debug|x64
		{A81FFE30-75FC-40B3-A676-E30743D08A4C}.Debug|x86.ActiveCfg = Debug|Win32
		{A81FFE30-75FC-40B3-A676-E30743D08A4C}.Debug|x86.Build.0 = Debug|Win32
		{A81FFE30-75FC-40B3-A676-E30743D08A4C}.Release|x64.ActiveCfg = Release|x64
		{A81FFE30-75FC-40B3-A676-E30743D08A4C}.Release|x64.Build.0 = Release|x64
		{A81FFE30-75FC-40B3-A676-E30743D08A4C}.Release|x86.ActiveCfg = Release|Win32
		{A81FFE30-75FC-40B3-A676-E30743D08A4C}.Release|x86.Build.0 = Release|Win32
		{A245E98D-B02D-4254-B21F-958546F83137}.Debug|x64.ActiveCfg = Debug|x64
		{A245E98D-B02D-4254-B21F-958546F83137}.Debug|x64.Build.0 = Debug|x64
		{A245E98D-B02D-4254-B21F-958546F83137}.Debug|x86.ActiveCfg = Debug|Win32
		{A245E98D-B02D-4254-B21F-958546F83137}.Debug|x86.Build.0 = Debug|Win32
		{A245E98D-B02D-4254-B21F-958546F83137}.Release|x64.ActiveCfg = Release|x64
		{A245E98D-B02D-4254-B21F-958546F83137}.Release|x64.Build.0 = Release|x64
		{A245E98D-B02D-4254-B21F-958546F83137}.Release|x86.ActiveCfg = Release|Win32
		{A245E98D-B02D-4254-B21F-958546F83137}.Release|x86.Build.0 = Release|Win32
		{49392EEB-A7BF-408C-979A-3E347107670C}.Debug|x64.ActiveCfg = Debug|x64
		{49392EEB-A7BF-408C-979A-3E347107670C}.Debug|x64.Build.0 = Debug|x64
		{49392EEB-A7BF-408C-979A-3E347107670C}.Debug|x86.ActiveCfg = Debug|Win32
		{49392EEB-A7BF-408C-979A-3E347107670C}.Debug|x86.Build.0 = Debug|Win32
		{49392EEB-A7BF-408C-979A-3E347107670C}.Release|x64.ActiveCfg = Release|x64
		{49392EEB-A7BF-408C-979A-3E347107670C}.Release|x64.Build.0 = Release|x64
		{49392EEB-A7BF-408C-979A-3E347107670C}.Release|x86.ActiveCfg = Release|Win32
		{49392EEB-A7BF-408C-979A-3E347107670C}.Release|x86.Build.0 = Release|Win32
		{A541CABC-E35D-4947-A4E7-E67ED56F48EE}.Debug|x64.ActiveCfg = Debug|x64
		{A541CABC-E35D-4947-A4E7-E67ED56F48EE}.Debug|x64.Build.0 = Debug|x64
		{A541CABC-E35D-4947-A4E7-E67ED56F48EE}.Debug|x86.ActiveCfg = Debug|Win32
		{A541CABC-E35D-4947-A4E7-E67ED56F48EE}.Debug|x86.Build.0 = Debug|Win32
		{A541CABC-E35D-4947-A4E7-E67ED56F48EE}.Release|x64.ActiveCfg = Release|x64
		{A541CABC-E35D-4947-A4E7-E67ED56F48EE}.Release|x64.Build.0 = Release|x64
		{A541CABC-E35D-4947-A4E7-E67ED56F48EE}.Release|x86.ActiveCfg = Release|Win32
		{A541CABC-E35D-4947-A4E7-E67ED56F48EE}.Release|x86.Build.0 = Release|Win32
		{769127F5-B20E-453E-BD13-B748709AEF75}.Debug|x64.ActiveCfg = Debug|x64
		{769127F5-B20E-453E-BD13-B748709AEF75}.Debug|x64.Build.0 = Debug|x64
		{769127F5-B20E-453E-BD13-B748709AEF75}.Debug|x86.ActiveCfg = Debug|Win32
		{769127F5-B20E-453E-BD13-B748709AEF75}.Debug|x86.Build.0 = Debug|Win32
		{769127F5-B20E-453E-BD13-B748709AEF75}.Release|x64.ActiveCfg = Release|x64
		{769127F5-B20E-453E-BD13-B748709AEF75}.Release|x64.Build.0 = Release|x64
		{769127F5-B20E-453E-BD13-B748709AEF75}.Release|x86.ActiveCfg = Release|Win32
		{769127F5-B20E-453E-BD13-B748709AEF75}.Release|x86.Build.0 = Release|Win32
		{849CE45B-E084-42C5-891F-8F50567FE9A5}.Debug|x64.ActiveCfg = Debug|x64
		{849CE45B-E084-42C5-891F-8F50567FE9A5}.Debug|x64.Build.0 = Debug|x64
		{849CE45B-E084-42C5-891F-8F50567FE9A5}.Debug|x86.ActiveCfg = Debug|Win32
		{849CE45B-E084-42C5-891F-8F50567FE9A5}.Debug|x86.Build.0 = Debug|Win32
		{849CE45B-E084-42C5-891F-8F50567FE9A5}.Release|x64.ActiveCfg = Release|x64
		{849CE45B-E084-42C5-891F-8F50567FE9A5}.Release|x64.Build.0 = Release|x64
		{849CE45B-E084-42C5-891F-8F50567FE9A5}.Release|x86.ActiveCfg = Release|Win32
		{849CE45B-E084-42C5-891F-8F50567FE9A5}.Release|x86.Build.0 = Release|Win32
		{4A5DE41E-E788-4686-A471-44F4B3EBB70E}.Debug|x64.ActiveCfg = Debug|x64
		{4A5DE41E-E788-4686-A471-44F4B3EBB70E}.Debug|x64.Build.0 = Debug|x64
		{4A5DE41E-E788-4686-A471-44F4B3EBB70E}.Debug|x86.ActiveCfg = Debug|Win32
		{4A5DE41E-E788-4686-A471-44F4B3EBB70E}.Debug|x86.Build.0 = Debug|Win32
		{4A5DE41E-E788-4686-A471-44F4B3EBB70E}.Release|x64.ActiveCfg = Release|x64
		{4A5DE41E-E788-4686-A471-44F4B3EBB70E}.Release|x64.Build.0 = Release|x64
		{4A5DE41E-E788-4686-A471-44F4B3EBB70E}.Release|x86.ActiveCfg = Release|Win32
		{4A5DE41E-E788-4686-A471-44F4B3EBB70E}.Release|x86.Build.0 = Release|Win32
		{7554977D-B17E-472B-896C-23C0DB1CE3FA}.Debug|x64.ActiveCfg = Debug|x64
		{7554977D-B17E-472B-896C-23C0DB1CE3FA}.Debug|x64.Build.0 = Debug|x64
		{7554977D-B17E-472B-896C-23C0DB1CE3FA}.Debug|x86.ActiveCfg = Debug|Win32
		{7554977D-B17E-472B-896C-23C0DB1CE3FA}.Debug|x86.Build.0 = Debug|Win32
		{7554977D-B17E-472B-896C-23C0DB1CE3FA}.Release|x64.ActiveCfg = Release|x64
		{7554977D-B17E-472B-896C-23C0DB1CE3FA}.Release|x64.Build.0 = Release|x64
		{7554977D-B17E-472B-896C-23C0DB1CE3FA}.Release|x86.ActiveCfg = Release|Win32
		{7554977D-B17E-472B-896C-23C0DB1CE3FA}.Release|x86.Build.0 = Release|Win32
		{D4845132-242D-40D2-88B2-61110C1C6A25}.Debug|x64.ActiveCfg = Debug|x64
		{D4845132-242D-40D2-88B2-61110C1C6A25}.Debug|x64.Build.0 = Debug|x64
		{D4845132-242D-40D2-88B2-61110C1C6A25}.Debug|x86.ActiveCfg = Debug|Win32
		{D4845132-242D-40D2-88B2-61110C1C6A25}.Debug|x86.Build.0 = Debug|Win32
		{D4845132-242D-40D2-88B2-61110C1C6A25}.Release|x64.ActiveCfg = Release|x64
		{D4845132-242D-40D2-88B2-61110C1C6A25}.Release|x64.Build.0 = Release|x64
		{D4845132-242D-40D2-88B2-61110C1C6A25}.Release|x86.ActiveCfg = Release|Win32
		{D4845132-242D-40D2-88B2-61110C1C6A25}.Release|x86.Build.0 = Release|Win32
		{24606172-1875-40B6-B0E0-CD84C00EE8BA}.Debug|x64.ActiveCfg = Debug|x64
		{24606172-1875-40B6-B0E0-CD84C00EE8BA}.Debug|x64.Build.0 = Debug|x64
		{24606172-1875-40B6-B0E0-CD84C00EE8BA}.Debug|x86.ActiveCfg = Debug|Win32
		{24606172-1875-40B6-B0E0-CD84C00EE8BA}.Debug|x86.Build.0 = Debug|Win32
		{24606172-1875-40B6-B0E0-CD84C00EE8BA}.Release|x64.ActiveCfg = Release|x64
		{24606172-1875-40B6-B0E0-CD84C00EE8BA}.Release|x64.Build.0 = Release|x64
		{24606172-1875-40B6-B0E0-CD84C00EE8BA}.Release|x86.ActiveCfg = Release|Win32
		{24606172-1875-40B6-B0E0-CD84C00EE8BA}.Release|x86.Build.0 = Release|Win32
		{D8F6F975-E5AB-4F60-BD24-F7BA27A836C0}.Debug|x64.ActiveCfg = Debug|x64
		{D8F6F975-E5AB-4F60-BD24-F7BA27A836C0}.Debug|x64.Build.0 = Debug|x64
		{D8F6F975-E5AB-4F60-BD24-F7BA27A836C0}.Debug|x86.ActiveCfg = Debug|Win32
		{D8F6F975-E5AB-4F60-BD24-F7BA27A836C0}.Debug|x86.Build.0 = Debug|Win32
		{D8F6F975-E5AB-4F60-BD24-F7BA27A836C0}.Release|x64.ActiveCfg = Release|x64
		{D8F6F975-E5AB-4F60-BD24-F7BA27A836C0}.Release|x64.Build.0 = Release|x64
		{D8F6F975-E5AB-4F60-BD24-F7BA27A836C0}.Release|x86.ActiveCfg = Release|Win32
		{D8F6F975-E5AB-4F60-BD24-F7BA27A836C0}.Release|x86.Build.0 = Release|Win32
		{B9B2C422-E2FD-4370-A399-93EF829C4ECA}.Debug|x64.ActiveCfg = Debug|x64
		{B9B2C422-E2FD-4370-A399-93EF829C4ECA}.Debug|x64.Build.0 = Debug|x64
		{B9B2C422-E2FD-4370-A399-93EF829C4ECA}.Debug|x86.ActiveCfg = Debug|Win32
		{B9B2C422-E2FD-4370-A399-93EF829C4ECA}.Debug|x86.Build.0 = Debug|Win32
		{B9B2C422-E2FD-4370-A399-93EF829C4ECA}.Release|x64.ActiveCfg = Release|x64
		{B9B2C422-E2FD-4370-A399-93EF829C4ECA}.Release|x64.Build.0 = Release|x64
		{B9B2C422-E2FD-4370-A399-93EF829C4ECA}.Release|x86.ActiveCfg = Release|Win32
		{B9B2C422-E2FD-4370-A399-93EF829C4ECA}.Release|x86.Build.0 = Release|Win32
		{6C7C78D1-20E8-40EF-B0D5-9D25AED1A6DB}.Debug|x64.ActiveCfg = Debug|x64
		{6C7C78D1-20E8-40EF-B0D5-9D25AED1A6DB}.Debug|x64.Build.0 = Debug|x64
		{6C7C78D1-20E8-40EF-B0D5-9D25AED1A6DB}.Debug|x86.ActiveCfg = Debug|Win32
		{6C7C78D1-20E8-40EF-B0D5-9D25AED1A6DB}.Debug|x86.Build.0 = Debug|Win32
		{6C7C78D1-20E8-40EF-B0D5-9D25AED1A6DB}.Release|x64.ActiveCfg = Release|x64
		{6C7C78D1-20E8-40EF-B0D5-9D25AED1A6DB}.Release|x64.Build.0 = Release|x64
		{6C7C78D1-20E8-40EF-B0D5-9D25AED1A6DB}.Release|x86.ActiveCfg = Release|Win32
		{6C7C78D1-20E8-40EF-B0D5-9D25AED1A6DB}.Release|x86.Build.0 = Release|Win32
		{EBA8FC6A-92E0-4AF6-99BB-45139167BCC4}.Debug|x64.ActiveCfg = Debug|x64
		{EBA8FC6A-92E0-4AF6-99BB-45139167BCC4}.Debug|x64.Build.0 = Debug|x64
		{EBA8FC6A-92E0-4AF6-99BB-45139167BCC4}.Debug|x86.ActiveCfg = Debug|Win32
		{EBA8FC6A-92E0-4AF6-99BB-45139167BCC4}.Debug|x86.Build.0 = Debug|Win32
		{EBA8FC6A-92E0-4AF6-99BB-45139167BCC4}.Release|x64.ActiveCfg = Release|x64
		{EBA8FC6A-92E0-4AF6-99BB-45139167BCC4}.Release|x64.Build.0 = Release|x64
		{EBA8FC6A-92E0-4AF6-99BB-45139167BCC4}.Release|x86.ActiveCfg = Release|Win32
		{EBA8FC6A-92E0-4AF6-99BB-45139167BCC4}.Release|x86.Build.0 = Release|Win32
		{8FC52C7F-367B-4A81-80E0-AE43556954D9}.Debug|x64.ActiveCfg = Debug|x64
		{8FC52C7F-367B-4A81-80E0-AE43556954D9}.Debug|x64.Build.0 = Debug|x64
		{8FC52C7F-367B-4A81-80E0-AE43556954D9}.Debug|x86.ActiveCfg = Debug|Win32
		{8FC52C7F-367B-4A81-80E0-AE43556954D9}.Debug|x86.Build.0 = Debug|Win32
		{8FC52C7F-367B-4A81-80E0-AE43556954D9}.Release|x64.ActiveCfg = Release|x64
		{8FC52C7F-367B-4A81-80E0-AE43556954D9}.Release|x64.Build.0 = Release|x64
		{8FC52C7F-367B-4A81-80E0-AE43556954D9}.Release|x86.ActiveCfg = Release|Win32
		{8FC52C7F-367B-4A81-80E0-AE43556954D9}.Release|x86.Build.0 = Release|Win32
		{127AC3D5-5724-4EF9-9323-880173D9EF2D}.Debug|x64.ActiveCfg = Debug|x64
		{127AC3D5-5724-4EF9-9323-880173D9EF2D}.Debug|x64.Build.0 = Debug|x64
		{127AC3D5-5724-4EF9-9323-880173D9EF2D}.Debug|x86.ActiveCfg = Debug|Win32
		{127AC3D5-5724-4EF9-9323-880173D9EF2D}.Debug|x86.Build.0 = Debug|Win32
		{127AC3D5-5724-4EF9-9323-880173D9EF2D}.Release|x64.ActiveCfg = Release|x64
		{127AC3D5-5724-4EF9-9323-880173D9EF2D}.Release|x64.Build.0 = Release|x64
		{127AC3D5-5724-4EF9-9323-880173D9EF2D}.Release|x86.ActiveCfg = Release|Win32
		{127AC3D5-5724-4EF9-9323-880173D9EF2D}.Release|x86.Build.0 = Release|Win32
		{CD7B7B27-3245-4178-BDFA-88368197D8C4}.Debug|x64.ActiveCfg = Debug|x64
		{CD7B7B27-3245-4178-BDFA-88368197D8C4}.Debug|x64.Build.0 = Debug|x64
		{CD7B7B27-3245-4178-BDFA-88368197D8C4}.Debug|x86.ActiveCfg = Debug|Win32
		{CD7B7B27-3245-4178-BDFA-88368197D8C4}.Debug|x86.Build.0 = Debug|Win32
		{CD7B7B27-3245-4178-BDFA-88368197D8C4}.Release|x64.ActiveCfg = Release|x64
		{CD7B7B27-3245-4178-BDFA-88368197D8C4}.Release|x64.Build.0 = Release|x64
		{CD7B7B27-3245-4178-BDFA-88368197D8C4}.Release|x86.ActiveCfg = Release|Win32
		{CD7B7B27-3245-4178-BDFA-88368197D8C4}.Release|x86.Build.0 = Release|Win32
		{83EDF738-771F-4E6E-A25B-8D01808C4BE5}.Debug|x64.ActiveCfg = Debug|x64
		{83EDF738-771F-4E6E-A25B-8D01808C4BE5}.Debug|x64.Build.0 = Debug|x64
		{83EDF738-771F-4E6E-A25B-8D01808C4BE5}.Debug|x86.ActiveCfg = Debug|Win32
		{83EDF738-771F-4E6E-A25B-8D01808C4BE5}.Debug|x86.Build.0 = Debug|Win32
		{83EDF738-771F-4E6E-A25B-8D01808C4BE5}.Release|x64.ActiveCfg = Release|x64
		{83EDF738-771F-4E6E-A25B-8D01808C4BE5}.Release|x64.Build.0 = Release|x64
		{83EDF738-771F-4E6E-A25B-8D01808C4BE5}.Release|x86.ActiveCfg = Release|Win32
		{83EDF738-771F-4E6E-A25B-8D01808C4BE5}.Release|x86.Build.0 = Release|Win32
		{1476BED9-5DD6-4E26-8AF7-923798921981}.Debug|x64.ActiveCfg = Debug|x64
		{1476BED9-5DD6-4E26-8AF7-923798921981}.Debug|x64.Build.0 = Debug|x64
		{1476BED9-5DD6-4E26-8AF7-923798921981}.Debug|x86.ActiveCfg = Debug|Win32
		{1476BED9-5DD6-4E26-8AF7-923798921981}.Debug|x86.Build.0 = Debug|Win32
		{1476BED9-5DD6-4E26-8AF7-923798921981}.Release|x64.ActiveCfg = Release|x64
		{1476BED9-5DD6-4E26-8AF7-923798921981}.Release|x64.Build.0 = Release|x64
		{1476BED9-5DD6-4E26-8AF7-923798921981}.Release|x86.ActiveCfg = Release|Win32
		{1476BED9-5DD6-4E26-8AF7-923798921981}.Release|x86.Build.0 = Release|Win32
		{FF3B0BAC-357A-49CB-9C80-2E3D5998E4E5}.Debug|x64.ActiveCfg = Debug|x64
		{FF3B0BAC-357A-49CB-9C80-2E3D5998E4E5}.Debug|x64.Build.0 = Debug|x64
		{FF3B0BAC-357A-49CB-9C80-2E3D5998E4E5}.Debug|x86.ActiveCfg = Debug|Win32
		{FF3B0BAC-357A-49CB-9C80-2E3D5998E4E5}.Debug|x86.Build.0 = Debug|Win32
		{FF3B0BAC-357A-49CB-9C80-2E3D5998E4E5}.Release|x64.ActiveCfg = Release|x64
		{FF3B0BAC-357A-49CB-9C80-2E3D5998E4E5}.Release|x64.Build.0 = Release|x64
		{FF3B0BAC-357A-49CB-9C80-2E3D5998E4E5}.Release|x86.ActiveCfg = Release|Win32
		{FF3B0BAC-357A-49CB-9C80-2E3D5998E4E5}.Release|x86.Build.0 = Release|Win32
		{2323A25B-1108-4AC4-B49D-E57C0253CBB4}.Debug|x64.ActiveCfg = Debug|x64
		{2323A25B-1108-4AC4-B49D-E57C0253CBB4}.Debug|x64.Build.0 = Debug|x64
		{2323A25B-1108-4AC4-B49D-E57C0253CBB4}.Debug|x86.ActiveCfg = Debug|Win32
		{2323A25B-1108-4AC4-B49D-E57C0253CBB4}.Debug|x86.Build.0 = Debug|Win32
		{2323A25B-1108-4AC4-B49D-E57C0253CBB4}.Release|x64.ActiveCfg = Release|x64
		{2323A25B-1108-4AC4-B49D-E57C0253CBB4}.Release|x64.Build.0 = Release|x64
		{2323A25B-1108-4AC4-B49D-E57C0253CBB4}.Release|x86.ActiveCfg = Release|Win32
		{2323A25B-1108-4AC4-B49D-E57C0253CBB4}.Release|x86.Build.0 = Release|Win32
		{7B0E904D-0887-4378-AB09-E3DA4AD01938}.Debug|x64.ActiveCfg = Debug|x64
		{7B0E904D-0887-4378-AB09-E3DA4AD01938}.Debug|x64.Build.0 = Debug|x64
		{7B0E904D-0887-4378-AB09-E3DA4AD01938}.Debug|x86.ActiveCfg = Debug|Win32
		{7B0E904D-0887-4378-AB09-E3DA4AD01938}.Debug|x86.Build.0 = Debug|Win32
		{7B0E904D-0887-4378-AB09-E3DA4AD01938}.Release|x64.ActiveCfg = Release|x64
		{7B0E904D-0887-4378-AB09-E3DA4AD01938}.Release|x64.Build.0 = Release|x64
		{7B0E904D-0887-4378-AB09-E3DA4AD01938}.Release|x86.ActiveCfg = Release|Win32
		{7B0E904D-0887-4378-AB09-E3DA4AD01938}.Release|x86.Build.0 = Release|Win32
		{28DBEB65-7DBC-4A19-A21F-F6545BA17177}.Debug|x64.ActiveCfg = Debug|x64
		{28DBEB65-7DBC-4A19-A21F-F6545BA17177}.Debug|x64.Build.0 = Debug|x64
		{28DBEB65-7DBC-4A19-A21F-F6545BA17177}.Debug|x86.ActiveCfg = Debug|Win32
		{28DBEB65-7DBC-4A19-A21F-F6545BA17177}.Debug|x86.Build.0 = Debug|Win32
		{28DBEB65-7DBC-4A19-A21F-F6545BA17177}.Release|x64.ActiveCfg = Release|x64
		{28DBEB65-7DBC-4A19-A21F-F6545BA17177}.Release|x64.Build.0 = Release|x64
		{28DBEB65-7DBC-4A19-A21F-F6545BA17177}.Release|x86.ActiveCfg = Release|Win32
		{28DBEB65-7DBC-4A19-A21F-F6545BA17177}.Release|x86.Build.0 = Release|Win32
		{3879B8E6-67B6-4169-9D75-FD68991337FC}.Debug|x64.ActiveCfg = Debug|x64
		{3879B8E6-67B6-4169-9D75-FD68991337FC}.Debug|x64.Build.0 = Debug|x64
		{3879B8E6-67B6-4169-9D75-FD68991337FC}.Debug|x86.ActiveCfg = Debug|Win32
		{3879B8E6-67B6-4169-9D75-FD68991337FC}.Debug|x86.Build.0 = Debug|Win32
		{3879B8E6-67B6-4169-9D75-FD68991337FC}.Release|x64.ActiveCfg = Release|x64
		{3879B8E6-67B6-4169-9D75-FD68991337FC}.Release|x64.Build.0 = Release|x64
		{3879B8E6-67B6-4169-9D75-FD68991337FC}.Release|x86.ActiveCfg = Release|Win32
		{3879B8E6-67B6-4169-9D75-FD68991337FC}.Release|x86.Build.0 = Release|Win32
		{0CB83339-94AE-47A8-B341-C2F8DEF60014}.Debug|x64.ActiveCfg = Debug|x64
		{0CB83339-94AE-47A8-B341-C2F8DEF60014}.Debug|x64.Build.0 = Debug|x64
		{0CB83339-94AE-47A8-B341-C2F8DEF60014}.Debug|x86.ActiveCfg = Debug|Win32
		{0CB83339-94AE-47A8-B341-C2F8DEF60014}.Debug|x86.Build.0 = Debug|Win32
		{0CB83339-94AE-47A8-B341-C2F8DEF60014}.Release|x64.ActiveCfg = Release|x64
		{0CB83339-94AE-47A8-B341-C2F8DEF60014}.Release|x64.Build.0 = Release|x64
		{0CB83339-94AE-47A8-B341-C2F8DEF60014}.Release|x86.ActiveCfg = Release|Win32
		{0CB83339-94AE-47A8-B341-C2F8DEF60014}.Release|x86.Build.0 = Release|Win32
		{51E36FB3-DC69-41DD-A502-6160C9DB4794}.Debug|x64.ActiveCfg = Debug|x64
		{51E36FB3-DC69-41DD-A502-6160C9DB4794}.Debug|x64.Build.0 = Debug|x64
		{51E36FB3-DC69-41DD-A502-6160C9DB4794}.Debug|x86.ActiveCfg = Debug|Win32
		{51E36FB3-DC69-41DD-A502-6160C9DB4794}.Debug|x86.Build.0 = Debug|Win32
		{51E36FB3-DC69-41DD-A502-6160C9DB4794}.Release|x64.ActiveCfg = Release|x64
		{51E36FB3-DC69-41DD-A502-6160C9DB4794}.Release|x64.Build.0 = Release|x64
		{51E36FB3-DC69-41DD-A502-6160C9DB4794}.Release|x86.ActiveCfg = Release|Win32
		{51E36FB3-DC69-41DD-A502-6160C9DB4794}.Release|x86.Build.0 = Release|Win32
		{52B10188-4939-4636-A68D-5CBD754F8790}.Debug|x64.ActiveCfg = Debug|x64
		{52B10188-4939-4636-A68D-5CBD754F8790}.Debug|x64.Build.0 = Debug|x64
		{52B10188-4939-4636-A68D-5CBD754F8790}.Debug|x86.ActiveCfg = Debug|Win32
		{52B10188-4939-4636-A68D-5CBD754F8790}.Debug|x86.Build.0 = Debug|Win32
		{52B10188-4939-4636-A68D-5CBD754F8790}.Release|x64.ActiveCfg = Release|x64
		{52B10188-4939-4636-A68D-5CBD754F8790}.Release|x64.Build.0 = Release|x64
		{52B10188-4939-4636-A68D-5CBD754F8790}.Release|x86.ActiveCfg = Release|Win32
		{52B10188-4939-4636-A68D-5CBD754F8790}.Release|x86.Build.0 = Release|Win32
		{540A5EDD-8DB0-48FD-966C-A2CA124E3E0F}.Debug|x64.ActiveCfg = Debug|x64
		{540A5EDD-8DB0-48FD-966C-A2CA124E3E0F}.Debug|x64.Build.0 = Debug|x64
		{540A5EDD-8DB0-48FD-966C-A2CA124E3E0F}.Debug|x86.ActiveCfg = Debug|Win32
		{540A5EDD-8DB0-48FD-966C-A2CA124E3E0F}.Debug|x86.Build.0 = Debug|Win32
		{540A5EDD-8DB0-48FD-966C-A2CA124E3E0F}.Release|x64.ActiveCfg = Release|x64
		{540A5EDD-8DB0-48FD-966C-A2CA124E3E0F}.Release|x64.Build.0 = Release|x64
		{540A5EDD-8DB0-48FD-966C-A2CA124E3E0F}.Release|x86.ActiveCfg = Release|Win32
		{540A5EDD-8DB0-48FD-966C-A2CA124E3E0F}.Release|x86.Build.0 = Release|Win32
		{3DA22F3B-A585-4BC4-A135-F1D2B1DC36E6}.Debug|x64.ActiveCfg = Debug|x64
		{3DA22F3B-A585-4BC4-A135-F1D2B1DC36E6}.Debug|x64.Build.0 = Debug|x64
		{3DA22F3B-A585-4BC4-A135-F1D2B1DC36E6}.Debug|x86.ActiveCfg = Debug|Win32
		{3DA22F3B-A585-4BC4-A135-F1D2B1DC36E6}.Debug|x86.Build.0 = Debug|Win32
		{3DA22F3B-A585-4BC4-A135-F1D2B1DC36E6}.Release|x64.ActiveCfg = Release|x64
		{3DA22F3B-A585-4BC4-A135-F1D2B1DC36E6}.Release|x64.Build.0 = Release|x64
		{3DA22F3B-A585-4BC4-A135-F1D2B1DC36E6}.Release|x86.ActiveCfg = Release|Win32
		{3DA22F3B-A585-4BC4-A135-F1D2B1DC36E6}.Release|x86.Build.0 = Release|Win32
		{792F402A-CDDA-451F-99EC-21244446725D}.Debug|x64.ActiveCfg = Debug|x64
		{792F402A-CDDA-451F-99EC-21244446725D}.Debug|x64.Build.0 = Debug|x64
		{792F402A-CDDA-451F-99EC-21244446725D}.Debug|x86.ActiveCfg = Debug|Win32
		{792F402A-CDDA-451F-99EC-21244446725D}.Debug|x86.Build.0 = Debug|Win32
		{792F402A-CDDA-451F-99EC-21244446725D}.Release|x64.ActiveCfg = Release|x64
		{792F402A-CDDA-451F-99EC-21244446725D}.Release|x64.Build.0 = Release|x64
		{792F402A-CDDA-451F-99EC-21244446725D}.Release|x86.ActiveCfg = Release|Win32
		{792F402A-CDDA-451F-99EC-21244446725D}.Release|x86.Build.0 = Release|Win32
		{AEA2CB21-0FF9-47B7-8D4A-8942C6D18E2D}.Debug|x64.ActiveCfg = Debug|x64
		{AEA2CB21-0FF9-47B7-8D4A-8942C6D18E2D}.Debug|x64.Build.0 = Debug|x64
		{AEA2CB21-0FF9-47B7-8D4A-8942C6D18E2D}.Debug|x86.ActiveCfg = Debug|Win32
		{AEA2CB21-0FF9-47B7-8D4A-8942C6D18E2D}.Debug|x86.Build.0 = Debug|Win32
		{AEA2CB21-0FF9-47B7-8D4A-8942C6D18E2D}.Release|x64.ActiveCfg = Release|x64
		{AEA2CB21-0FF9-47B7-8D4A-8942C6D18E2D}.Release|x64.Build.0 = Release|x64
		{AEA2CB21-0FF9-47B7-8D4A-8942C6D18E2D}.Release|x86.ActiveCfg = Release|Win32
		{AEA2CB21-0FF9-47B7-8D4A-8942C6D18E2D}.Release|x86.Build.0 = Release|Win32
		{D49DC3EB-5CBB-4879-B14D-40F9276339A2}.Debug|x64.ActiveCfg = Debug|x64
		{D49DC3EB-5CBB-4879-B14D-40F9276339A2}.Debug|x64.Build.0 = Debug|x64
		{D49DC3EB-5CBB-4879-B14D-40F9276339A2}.Debug|x86.ActiveCfg = Debug|Win32
		{D49DC3EB-5CBB-4879-B14D-40F9276339A2}.Debug|x86.Build.0 = Debug|Win32
		{D49DC3EB-5CBB-4879-B14D-40F9276339A2}.Release|x64.ActiveCfg = Release|x64
		{D49DC3EB-5CBB-4879-B14D-40F9276339A2}.Release|x64.Build.0 = Release|x64
		{D49DC3EB-5CBB-4879-B14D-40F9276339A2}.Release|x86.ActiveCfg = Release|Win32
		{D49DC3EB-5CBB-4879-B14D-40F9276339A2}.Release|x86.Build.0 = Release|Win32
		{DD9FB2A2-5AA1-47D6-8C18-FD2068D24844}.Debug|x64.ActiveCfg = Debug|x64
		{DD9FB2A2-5AA1-47D6-8C18-FD2068D24844}.Debug|x64.Build.0 = Debug|x64
		{DD9FB2A2-5AA1-47D6-8C18-FD2068D24844}.Debug|x86.ActiveCfg = Debug|Win32
		{DD9FB2A2-5AA1-47D6-8C18-FD2068D24844}.Debug|x86.Build.0 = Debug|Win32
		{DD9FB2A2-5AA1-47D6-8C18-FD2068D24844}.Release|x64.ActiveCfg = Release|x64
		{DD9FB2A2-5AA1-47D6-8C18-FD2068D24844}.Release|x64.Build.0 = Release|x64
		{DD9FB2A2-5AA1-47D6-8C18-FD2068D24844}.Release|x86.ActiveCfg = Release|Win32
		{DD9FB2A2-5AA1-47D6-8C18-FD2068D24844}.Release|x86.Build.0 = Release|Win32
		{B49DCCEB-55BC-45C5-8788-A265BC59BA57}.Debug|x64.ActiveCfg = Debug|x64
		{B49DCCEB-55BC-45C5-8788-A265BC59BA57}.Debug|x64.Build.0 = Debug|x64
		{B49DCCEB-55BC-45C5-8788-A265BC59BA57}.Debug|x86.ActiveCfg = Debug|Win32
		{B49DCCEB-55BC-45C5-8788-A265BC59BA57}.Debug|x86.Build.0 = Debug|Win32
		{B49DCCEB-55BC-45C5-8788-A265BC59BA57}.Release|x64.ActiveCfg = Release|x64
		{B49DCCEB-55BC-45C5-8788-A265BC59BA57}.Release|x64.Build.0 = Release|x64
		{B49DCCEB-55BC-45C5-8788-A265BC59BA57}.Release|x86.ActiveCfg = Release|Win32
		{B49DCCEB-55BC-45C5-8788-A265BC59BA57}.Release|x86.Build.0 = Release|Win32
		{136496CC-6AFD-4BFE-BD5B-B8A3DD5FCE98}.Debug|x64.ActiveCfg = Debug|x64
		{136496CC-6AFD-4BFE-BD5B-B8A3DD5FCE98}.Debug|x64.Build.0 = Debug|x64
		{136496CC-6AFD-4BFE-BD5B-B8A3DD5FCE98}.Debug|x86.ActiveCfg = Debug|Win32
		{136496CC-6AFD-4BFE-BD5B-B8A3DD5FCE98}.Debug|x86.Build.0 = Debug|Win32
		{136496CC-6AFD-4BFE-BD5B-B8A3DD5FCE98}.Release|x64.ActiveCfg = Release|x64
		{136496CC-6AFD-4BFE-BD5B-B8A3DD5FCE98}.Release|x64.Build.0 = Release|x64
		{136496CC-6AFD-4BFE-BD5B-B8A3DD5FCE98}.Release|x86.ActiveCfg = Release|Win32
		{136496CC-6AFD-4BFE-BD5B-B8A3DD5FCE98}.Release|x86.Build.0 = Release|Win32
		{964F1064-F839-4AFE-864A-2CFAE2AF352C}.Debug|x64.ActiveCfg = Debug|x64
		{964F1064-F839-4AFE-864A-2CFAE2AF352C}.Debug|x64.Build.0 = Debug|x64
		{964F1064-F839-4AFE-864A-2CFAE2AF352C}.Debug|x86.ActiveCfg = Debug|Win32
		{964F1064-F839-4AFE-864A-2CFAE2AF352C}.Debug|x86.Build.0 = Debug|Win32
		{964F1064-F839-4AFE-864A-2CFAE2AF352C}.Release|x64.ActiveCfg = Release|x64
		{964F1064-F839-4AFE-864A-2CFAE2AF352C}.Release|x64.Build.0 = Release|x64
		{964F1064-F839-4AFE-864A-2CFAE2AF352C}.Release|x86.ActiveCfg = Release|Win32
		{964F1064-F839-4AFE-864A-2CFAE2AF352C}.Release|x86.Build.0 = Release|Win32
		{31D5088C-6250-4F6F-B4DC-D6E3B1E1735E}.Debug|x64.ActiveCfg = Debug|x64
		{31D5088C-6250-4F6F-B4DC-D6E3B1E1735E}.Debug|x64.Build.0 = Debug|x64
		{31D5088C-6250-4F6F-B4DC-D6E3B1E1735E}.Debug|x86.ActiveCfg = Debug|Win32
		{31D5088C-6250-4F6F-B4DC-D6E3B1E1735E}.Debug|x86.Build.0 = Debug|Win32
		{31D5088C-6250-4F6F-B4DC-D6E3B1E1735E}.Release|x64.ActiveCfg = Release|x64
		{31D5088C-6250-4F6F-B4DC-D6E3B1E1735E}.Release|x64.Build.0 = Release|x64
		{31D5088C-6250-4F6F-B4DC-D6E3B1E1735E}.Release|x86.ActiveCfg = Release|Win32
		{31D5088C-6250-4F6F-B4DC-D6E3B1E1735E}.Release|x86.Build.0 = Release|Win32
		{A0BF7F4E-84D4-429E-852C-68B75A06BAC3}.Debug|x64.ActiveCfg = Debug|x64
		{A0BF7F4E-84D4-429E-852C-68B75A06BAC3}.Debug|x64.Build.0 = Debug|x64
		{A0BF7F4E-84D4-429E-852C-68B75A06BAC3}.Debug|x86.ActiveCfg = Debug|Win32
		{A0BF7F4E-84D4-429E-852C-68B75A06BAC3}.Debug|x86.Build.0 = Debug|Win32
		{A0BF7F4E-84D4-429E-852C-68B75A06BAC3}.Release|x64.ActiveCfg = Release|x64
		{A0BF7F4E-84D4-429E-852C-68B75A06BAC3}.Release|x64.Build.0 = Release|x64
		{A0BF7F4E-84D4-429E-852C-68B75A06BAC3}.Release|x86.ActiveCfg = Release|Win32
		{A0BF7F4E-84D4-429E-852C-68B75A06BAC3}.Release|x86.Build.0 = Release|Win32
		{559C3E80-EFDE-4C42-BA81-DD03650FE6C5}.Debug|x64.ActiveCfg = Debug|x64
		{559C3E80-EFDE-4C42-BA81-DD03650FE6C5}.Debug|x64.Build.0 = Debug|x64
		{559C3E80-EFDE-4C42-BA81-DD03650FE6C5}.Debug|x86.ActiveCfg = Debug|Win32
		{559C3E80-EFDE-4C42-BA81-DD03650FE6C5}.Debug|x86.Build.0 = Debug|Win32
		{559C3E80-EFDE-4C42-BA81-DD03650FE6C5}.Release|x64.ActiveCfg = Release|x64
		{559C3E80-EFDE-4C42-BA81-DD03650FE6C5}.Release|x64.Build.0 = Release|x64
		{559C3E80-EFDE-4C42-BA81-DD03650FE6C5}.Release|x86.ActiveCfg = Release|Win32
		{559C3E80-EFDE-4C42-BA81-DD03650FE6C5}.Release|x86.Build.0 = Release|Win32
		{E619D00D-2F63-4E15-9719-957EFCA15F61}.Debug|x64.ActiveCfg = Debug|x64
		{E619D00D-2F63-4E15-9719-957EFCA15F61}.Debug|x64.Build.0 = Debug|x64
		{E619D00D-2F63-4E15-9719-957EFCA15F61}.Debug|x86.ActiveCfg = Debug|Win32
		{E619D00D-2F63-4E15-9719-957EFCA15F61}.Debug|x86.Build.0 = Debug|Win32
		{E619D00D-2F63-4E15-9719-957EFCA15F61}.Release|x64.ActiveCfg = Release|x64
		{E619D00D-2F63-4E15-9719-957EFCA15F61}.Release|x64.Build.0 = Release|x64
		{E619D00D-2F63-4E15-9719-957EFCA15F61}.Release|x86.ActiveCfg = Release|Win32
		{E619D00D-2F63-4E15-9719-957EFCA15F61}.Release|x86.Build.0 = Release|Win32
		{495ABFC7-95BC-46D4-BC8E-43BD4ED65C03}.Debug|x64.ActiveCfg = Debug|x64
		{495ABFC7-95BC-46D4-BC8E-43BD4ED65C03}.Debug|x64.Build.0 = Debug|x64
		{495ABFC7-95BC-46D4-BC8E-43BD4ED65C03}.Debug|x86.ActiveCfg = Debug|Win32
		{495ABFC7-95BC-46D4-BC8E-43BD4ED65C03}.Debug|x86.Build.0 = Debug|Win32
		{495ABFC7-95BC-46D4-BC8E-43BD4ED65C03}.Release|x64.ActiveCfg = Release|x64
		{495ABFC7-95BC-46D4-BC8E-43BD4ED65C03}.Release|x64.Build.0 = Release|x64
		{495ABFC7-95BC-46D4-BC8E-43BD4ED65C03}.Release|x86.ActiveCfg = Release|Win32
		{495ABFC7-95BC-46D4-BC8E-43BD4ED65C03}.Release|x86.Build.0 = Release|Win32
		{FF1B6F74-9838-4D8F-87B7-3B0FC24078A4}.Debug|x64.ActiveCfg = Debug|x64
		{FF1B6F74-9838-4D8F-87B7-3B0FC24078A4}.Debug|x64.Build.0 = Debug|x64
		{FF1B6F74-9838-4D8F-87B7-3B0FC24078A4}.Debug|x86.ActiveCfg = Debug|Win32
		{FF1B6F74-9838-4D8F-87B7-3B0FC24078A4}.Debug|x86.Build.0 = Debug|Win32
		{FF1B6F74-9838-4D8F-87B7-3B0FC24078A4}.Release|x64.ActiveCfg = Release|x64
		{FF1B6F74-9838-4D8F-87B7-3B0FC24078A4}.Release|x64.Build.0 = Release|x64
		{FF1B6F74-9838-4D8F-87B7-3B0FC24078A4}.Release|x86.ActiveCfg = Release|Win32
		{FF1B6F74-9838-4D8F-87B7-3B0FC24078A4}.Release|x86.Build.0 = Release|Win32
		{E844F5C8-2A72-49CF-96AB-FDF099ED24D5}.Debug|x64.ActiveCfg = Debug|x64
		{E844F5C8-2A72-49CF-96AB-FDF099ED24D5}.Debug|x64.Build.0 = Debug|x64
		{E844F5C8-2A72-49CF-96AB-FDF099ED24D5}.Debug|x86.ActiveCfg = Debug|Win32
		{E844F5C8-2A72-49CF-96AB-FDF099ED24D5}.Debug|x86.Build.0 = Debug|Win32
		{E844F5C8-2A72-49CF-96AB-FDF099ED24D5}.Release|x64.ActiveCfg = Release|x64
		{E844F5C8-2A72-49CF-96AB-FDF099ED24D5}.Release|x64.Build.0 = Release|x64
		{E844F5C8-2A72-49CF-96AB-FDF099ED24D5}.Release|x86.ActiveCfg = Release|Win32
		{E844F5C8-2A72-49CF-96AB-FDF099ED24D5}.Release|x86.Build.0 = Release|Win32
		{C179BA5D-D82E-4913-83EC-F3DA771FD5FC}.Debug|x64.ActiveCfg = Debug|x64
		{C179BA5D-D82E-4913-83EC-F3DA771FD5FC}.Debug|x64.Build.0 = Debug|x64
		{C179BA5D-D82E-4913-83EC-F3DA771FD5FC}.Debug|x86.ActiveCfg = Debug|Win32
		{C179BA5D-D82E-4913-83EC-F3DA771FD5FC}.Debug|x86.Build.0 = Debug|Win32
		{C179BA5D-D82E-4913-83EC-F3DA771FD5FC}.Release|x64.ActiveCfg = Release|x64
		{C179BA5D-D82E-4913-83EC-F3DA771FD5FC}.Release|x64.Build.0 = Release|x64
		{C179BA5D-D82E-4913-83EC-F3DA771FD5FC}.Release|x86.ActiveCfg = Release|Win32
		{C179BA5D-D82E-4913-83EC-F3DA771FD5FC}.Release|x86.Build.0 = Release|Win32
		{A3A800A8-9A30-4399-9320-B468EEE17ED2}.Debug|x64.ActiveCfg = Debug|x64
		{A3A800A8-9A30-4399-9320-B468EEE17ED2}.Debug|x64.Build.0 = Debug|x64
		{A3A800A8-9A30-4399-9320-B468EEE17ED2}.Debug|x86.ActiveCfg = Debug|Win32
		{A3A800A8-9A30-4399-9320-B468EEE17ED2}.Debug|x86.Build.0 = Debug|Win32
		{A3A800A8-9A30-4399-9320-B468EEE17ED2}.Release|x64.ActiveCfg = Release|x64
		{A3A800A8-9A30-4399-9320-B468EEE17ED2}.Release|x64.Build.0 = Release|x64
		{A3A800A8-9A30-4399-9320-B468EEE17ED2}.Release|x86.ActiveCfg = Release|Win32
		{A3A800A8-9A30-4399-9320-B468EEE17ED2}.Release|x86.Build.0 = Release|Win32
		{FCEBB45F-C148-4331-8EAD-969EADF23F55}.Debug|x64.ActiveCfg = Debug|x64
		{FCEBB45F-C148-4331-8EAD-969EADF23F55}.Debug|x64.Build.0 = Debug|x64
		{FCEBB45F-C148-4331-8EAD-969EADF23F55}.Debug|x86.ActiveCfg = Debug|Win32
		{FCEBB45F-C148-4331-8EAD-969EADF23F55}.Debug|x86.Build.0 = Debug|Win32
		{FCEBB45F-C148-4331-8EAD-969EADF23F55}.Release|x64.ActiveCfg = Release|x64
		{FCEBB45F-C148-4331-8EAD-969EADF23F55}.Release|x64.Build.0 = Release|x64
		{FCEBB45F-C148-4331-8EAD-969EADF23F55}.Release|x86.ActiveCfg = Release|Win32
		{FCEBB45F-C148-4331-8EAD-969EADF23F55}.Release|x86.Build.0 = Release|Win32
		{287A2B00-F816-4923-89C7-6AFFC4B30442}.Debug|x64.ActiveCfg = Debug|x64
		{287A2B00-F816-4923-89C7-6AFFC4B30442}.Debug|x64.Build.0 = Debug|x64
		{287A2B00-F816-4923-89C7-6AFFC4B30442}.Debug|x86.ActiveCfg = Debug|Win32
		{287A2B00-F816-4923-89C7-6AFFC4B30442}.Debug|x86.Build.0 = Debug|Win32
		{287A2B00-F816-4923-89C7-6AFFC4B30442}.Release|x64.ActiveCfg = Release|x64
		{287A2B00-F816-4923-89C7-6AFFC4B30442}.Release|x64.Build.0 = Release|x64
		{287A2B00-F816-4923-89C7-6AFFC4B30442}.Release|x86.ActiveCfg = Release|Win32
		{287A2B00-F816-4923-89C7-6AFFC4B30442}.Release|x86.Build.0 = Release|Win32
		{0CF91770-62D7-4DF9-87E9-20DDB887808B}.Debug|x64.ActiveCfg = Debug|x64
		{0CF91770-62D7-4DF9-87E9-20DDB887808B}.Debug|x64.Build.0 = Debug|x64
		{0CF91770-62D7-4DF9-87E9-20DDB887808B}.Debug|x86.ActiveCfg = Debug|Win32
		{0CF91770-62D7-4DF9-87E9-20DDB887808B}.Debug|x86.Build.0 = Debug|Win32
		{0CF91770-62D7-4DF9-87E9-20DDB887808B}.Release|x64.ActiveCfg = Release|x64
		{0CF91770-62D7-4DF9-87E9-20DDB887808B}.Release|x64.Build.0 = Release|x64
		{0CF91770-62D7-4DF9-87E9-20DDB887808B}.Release|x86.ActiveCfg = Release|Win32
		{0CF91770-62D7-4DF9-87E9-20DDB887808B}.Release|x86.Build.0 = Release|Win32
		{D43FC850-FC80-4D1A-AE9F-FE798085936B}.Debug|x64.ActiveCfg = Debug|x64
		{D43FC850-FC80-4D1A-AE9F-FE798085936B}.Debug|x64.Build.0 = Debug|x64
		{D43FC850-FC80-4D1A-AE9F-FE798085936B}.Debug|x86.ActiveCfg = Debug|Win32
		{D43FC850-FC80-4D1A-AE9F-FE798085936B}.Debug|x86.Build.0 = Debug|Win32
		{D43FC850-FC80-4D1A-AE9F-FE798085936B}.Release|x64.ActiveCfg = Release|x64
		{D43FC850-FC80-4D1A-AE9F-FE798085936B}.Release|x64.Build.0 = Release|x64
		{D43FC850-FC80-4D1A-AE9F-FE798085936B}.Release|x86.ActiveCfg = Release|Win32
		{D43FC850-FC80-4D1A-AE9F-FE798085936B}.Release|x86.Build.0 = Release|Win32
		{F505C921-88F7-492D-AFC3-759AA347CDA9}.Debug|x64.ActiveCfg = Debug|x64
		{F505C921-88F7-492D-AFC3-759AA347CDA9}.Debug|x64.Build.0 = Debug|x64
		{F505C921-88F7-492D-AFC3-759AA347CDA9}.Debug|x86.ActiveCfg = Debug|Win32
		{F505C921-88F7-492D-AFC3-759AA347CDA9}.Debug|x86.Build.0 = Debug|Win32
		{F505C921-88F7-492D-AFC3-759AA347CDA9}.Release|x64.ActiveCfg = Release|x64
		{F505C921-88F7-492D-AFC3-759AA347CDA9}.Release|x64.Build.0 = Release|x64
		{F505C921-88F7-492D-AFC3-759AA347CDA9}.Release|x86.ActiveCfg = Release|Win32
		{F505C921-88F7-492D-AFC3-759AA347CDA9}.Release|x86.Build.0 = Release|Win32
		{113A387B-64DD-4934-B3CB-D36572ACE567}.Debug|x64.ActiveCfg = Debug|x64
		{113A387B-64DD-4934-B3CB-D36572ACE567}.Debug|x64.Build.0 = Debug|x64
		{113A387B-64DD-4934-B3CB-D36572ACE567}.Debug|x86.ActiveCfg = Debug|Win32
		{113A387B-64DD-4934-B3CB-D36572ACE567}.Debug|x86.Build.0 = Debug|Win32
		{113A387B-64DD-4934-B3CB-D36572ACE567}.Release|x64.ActiveCfg = Release|x64
		{113A387B-64DD-4934-B3CB-D36572ACE567}.Release|x64.Build.0 = Release|x64
		{113A387B-64DD-4934-B3CB-D36572ACE567}.Release|x86.ActiveCfg = Release|Win32
		{113A387B-64DD-4934-B3CB-D36572ACE567}.Release|x86.Build.0 = Release|Win32
		{127644A2-59C9-4CF3-9B26-7118AD104813}.Debug|x64.ActiveCfg = Debug|x64
		{127644A2-59C9-4CF3-9B26-7118AD104813}.Debug|x64.Build.0 = Debug|x64
		{127644A2-59C9-4CF3-9B26-7118AD104813}.Debug|x86.ActiveCfg = Debug|Win32
		{127644A2-59C9-4CF3-9B26-7118AD104813}.Debug|x86.Build.0 = Debug|Win32
		{127644A2-59C9-4CF3-9B26-7118AD104813}.Release|x64.ActiveCfg = Release|x64
		{127644A2-59C9-4CF3-9B26-7118AD104813}.Release|x64.Build.0 = Release|x64
		{127644A2-59C9-4CF3-9B26-7118AD104813}.Release|x86.ActiveCfg = Release|Win32
		{127644A2-59C9-4CF3-9B26-7118AD104813}.Release|x86.Build.0 = Release|Win32
		{C77B3C17-087F-4731-8840-AE161958B559}.Debug|x64.ActiveCfg = Debug|x64
		{C77B3C17-087F-4731-8840-AE161958B559}.Debug|x64.Build.0 = Debug|x64
		{C77B3C17-087F-4731-8840-AE161958B559}.Debug|x86.ActiveCfg = Debug|Win32
		{C77B3C17-087F-4731-8840-AE161958B559}.Debug|x86.Build.0 = Debug|Win32
		{C77B3C17-087F-4731-8840-AE161958B559}.Release|x64.ActiveCfg = Release|x64
		{C77B3C17-087F-4731-8840-AE161958B559}.Release|x64.Build.0 = Release|x64
		{C77B3C17-087F-4731-8840-AE161958B559}.Release|x86.ActiveCfg = Release|Win32
		{C77B3C17-087F-4731-8840-AE161958B559}.Release|x86.Build.0 = Release|Win32
		{FDD4B60E-A93C-440D-8C8D-614F3C43CE2D}.Debug|x64.ActiveCfg = Debug|x64
		{FDD4B60E-A93C-440D-8C8D-614F3C43CE2D}.Debug|x64.Build.0 = Debug|x64
		{FDD4B60E-A93C-440D-8C8D-614F3C43CE2D}.Debug|x86.ActiveCfg = Debug|Win32
		{FDD4B60E-A93C-440D-8C8D-614F3C43CE2D}.Debug|x86.Build.0 = Debug|Win32
		{FDD4B60E-A93C-440D-8C8D-614F3C43CE2D}.Release|x64.ActiveCfg = Release|x64
		{FDD4B60E-A93C-440D-8C8D-614F3C43CE2D}.Release|x64.Build.0 = Release|x64
		{FDD4B60E-A93C-440D-8C8D-614F3C43CE2D}.Release|x86.ActiveCfg = Release|Win32
		{FDD4B60E-A93C-440D-8C8D-614F3C43CE2D}.Release|x86.Build.0 = Release|Win32
		{D826A6F0-2909-4976-9112-6D53A37B80FD}.Debug|x64.ActiveCfg = Debug|x64
		{D826A6F0-2909-4976-9112-6D53A37B80FD}.Debug|x64.Build.0 = Debug|x64
		{D826A6F0-2909-4976-9112-6D53A37B80FD}.Debug|x86.ActiveCfg = Debug|Win32
		{D826A6F0-2909-4976-9112-6D53A37B80FD}.Debug|x86.Build.0 = Debug|Win32
		{D826A6F0-2909-4976-9112-6D53A37B80FD}.Release|x64.ActiveCfg = Release|x64
		{D826A6F0-2909-4976-9112-6D53A37B80FD}.Release|x64.Build.0 = Release|x64
		{D826A6F0-2909-4976-9112-6D53A37B80FD}.Release|x86.ActiveCfg = Release|Win32
		{D826A6F0-2909-4976-9112-6D53A37B80FD}.Release|x86.Build.0 = Release|Win32
		{E584633D-69A8-48DB-AFF1-939FC32ECA5E}.Debug|x64.ActiveCfg = Debug|x64
		{E584633D-69A8-48DB-AFF1-939FC32ECA5E}.Debug|x64.Build.0 = Debug|x64
		{E584633D-69A8-48DB-AFF1-939FC32ECA5E}.Debug|x86.ActiveCfg = Debug|Win32
		{E584633D-69A8-48DB-AFF1-939FC32ECA5E}.Debug|x86.Build.0 = Debug|Win32
		{E584633D-69A8-48DB-AFF1-939FC32ECA5E}.Release|x64.ActiveCfg = Release|x64
		{E584633D-69A8-48DB-AFF1-939FC32ECA5E}.Release|x64.Build.0 = Release|x64
		{E584633D-69A8-48DB-AFF1-939FC32ECA5E}.Release|x86.ActiveCfg = Release|Win32
		{E584633D-69A8-48DB-AFF1-939FC32ECA5E}.Release|x86.Build.0 = Release|Win32
		{C7C04B43-903A-44AA-B6A4-47231A21214A}.Debug|x64.ActiveCfg = Debug|x64
		{C7C04B43-903A-44AA-B6A4-47231A21214A}.Debug|x64.Build.0 = Debug|x64
		{C7C04B43-903A-44AA-B6A4-47231A21214A}.Debug|x86.ActiveCfg = Debug|Win32
		{C7C04B43-903A-44AA-B6A4-47231A21214A}.Debug|x86.Build.0 = Debug|Win32
		{C7C04B43-903A-44AA-B6A4-47231A21214A}.Release|x64.ActiveCfg = Release|x64
		{C7C04B43-903A-44AA-B6A4-47231A21214A}.Release|x64.Build.0 = Release|x64
		{C7C04B43-903A-44AA-B6A4-47231A21214A}.Release|x86.ActiveCfg = Release|Win32
		{C7C04B43-903A-44AA-B6A4-47231A21214A}.Release|x86.Build.0 = Release|Win32
		{37D10172-2F15-4F6C-84E8-BD56FD6AC734}.Debug|x64.ActiveCfg = Debug|x64
		{37D10172-2F15-4F6C-84E8-BD56FD6AC734}.Debug|x64.Build.0 = Debug|x64
		{37D10172-2F15-4F6C-84E8-BD56FD6AC734}.Debug|x86.ActiveCfg = Debug|Win32
		{37D10172-2F15-4F6C-84E8-BD56FD6AC734}.Debug|x86.Build.0 = Debug|Win32
		{37D10172-2F15-4F6C-84E8-BD56FD6AC734}.Release|x64.ActiveCfg = Release|x64
		{37D10172-2F15-4F6C-84E8-BD56FD6AC734}.Release|x64.Build.0 = Release|x64
		{37D10172-2F15-4F6C-84E8-BD56FD6AC734}.Release|x86.ActiveCfg = Release|Win32
		{37D10172-2F15-4F6C-84E8-BD56FD6AC734}.Release|x86.Build.0 = Release|Win32
		{CD40FB1D-7D43-4234-B096-57FA55025C49}.Debug|x64.ActiveCfg = Debug|x64
		{CD40FB1D-7D43-4234-B096-57FA55025C49}.Debug|x64.Build.0 = Debug|x64
		{CD40FB1D-7D43-4234-B096-57FA55025C49}.Debug|x86.ActiveCfg = Debug|Win32
		{CD40FB1D-7D43-4234-B096-57FA55025C49}.Debug|x86.Build.0 = Debug|Win32
		{CD40FB1D-7D43-4234-B096-57FA55025C49}.Release|x64.ActiveCfg = Release|x64
		{CD40FB1D-7D43-4234-B096-57FA55025C49}.Release|x64.Build.0 = Release|x64
		{CD40FB1D-7D43-4234-B096-57FA55025C49}.Release|x86.ActiveCfg = Release|Win32
		{CD40FB1D-7D43-4234-B096-57FA55025C49}.Release|x86.Build.0 = Release|Win32
		{BA7DC949-E1F0-40B4-BFDB-986E7B7C3BCA}.Debug|x64.ActiveCfg = Debug|x64
		{BA7DC949-E1F0-40B4-BFDB-986E7B7C3BCA}.Debug|x64.Build.0 = Debug|x64
		{BA7DC949-E1F0-40B4-BFDB-986E7B7C3BCA}.Debug|x86.ActiveCfg = Debug|Win32
		{BA7DC949-E1F0-40B4-BFDB-986E7B7C3BCA}.Debug|x86.Build.0 = Debug|Win32
		{BA7DC949-E1F0-40B4-BFDB-986E7B7C3BCA}.Release|x64.ActiveCfg = Release|x64
		{BA7DC949-E1F0-40B4-BFDB-986E7B7C3BCA}.Release|x64.Build.0 = Release|x64
		{BA7DC949-E1F0-40B4-BFDB-986E7B7C3BCA}.Release|x86.ActiveCfg = Release|Win32
		{BA7DC949-E1F0-40B4-BFDB-986E7B7C3BCA}.Release|x86.Build.0 = Release|Win32
		{2BFB79E8-B23A-4CDA-BD9E-0AEC8561BC21}.Debug|x64.ActiveCfg = Debug|x64
		{2BFB79E8-B23A-4CDA-BD9E-0AEC8561BC21}.Debug|x64.Build.0 = Debug|x64
		{2BFB79E8-B23A-4CDA-BD9E-0AEC8561BC21}.Debug|x86.ActiveCfg = Debug|Win32
		{2BFB79E8-B23A-4CDA-BD9E-0AEC8561BC21}.Debug|x86.Build.0 = Debug|Win32
		{2BFB79E8-B23A-4CDA-BD9E-0AEC8561BC21}.Release|x64.ActiveCfg = Release|x64
		{2BFB79E8-B23A-4CDA-BD9E-0AEC8561BC21}.Release|x64.Build.0 = Release|x64
		{2BFB79E8-B23A-4CDA-BD9E-0AEC8561BC21}.Release|x86.ActiveCfg = Release|Win32
		{2BFB79E8-B23A-4CDA-BD9E-0AEC8561BC21}.Release|x86.Build.0 = Release|Win32
		{B906DD34-CDD7-4186-83AE-FCB4F6FF2688}.Debug|x64.ActiveCfg = Debug|x64
		{B906DD34-CDD7-4186-83AE-FCB4F6FF2688}.Debug|x64.Build.0 = Debug|x64
		{B906DD34-CDD7-4186-83AE-FCB4F6FF2688}.Debug|x86.ActiveCfg = Debug|Win32
		{B906DD34-CDD7-4186-83AE-FCB4F6FF2688}.Debug|x86.Build.0 = Debug|Win32
		{B906DD34-CDD7-4186-83AE-FCB4F6FF2688}.Release|x64.ActiveCfg = Release|x64
		{B906DD34-CDD7-4186-83AE-FCB4F6FF2688}.Release|x64.Build.0 = Release|x64
		{B906DD34-CDD7-4186-83AE-FCB4F6FF2688}.Release|x86.ActiveCfg = Release|Win32
		{B906DD34-CDD7-4186-83AE-FCB4F6FF2688}.Release|x86.Build.0 = Release|Win32
		{A5397F6B-36F8-4F4D-BFE6-36C80DADA215}.Debug|x64.ActiveCfg = Debug|x64
		{A5397F6B-36F8-4F4D-BFE6-36C80DADA215}.Debug|x64.Build.0 = Debug|x64
		{A5397F6B-36F8-4F4D-BFE6-36C80DADA215}.Debug|x86.ActiveCfg = Debug|Win32
		{A5397F6B-36F8-4F4D-BFE6-36C80DADA215}.Debug|x86.Build.0 = Debug|Win32
		{A5397F6B-36F8-4F4D-BFE6-36C80DADA215}.Release|x64.ActiveCfg = Release|x64
		{A5397F6B-36F8-4F4D-BFE6-36C80DADA215}.Release|x64.Build.0 = Release|x64
		{A5397F6B-36F8-4F4D-BFE6-36C80DADA215}.Release|x86.ActiveCfg = Release|Win32
		{A5397F6B-36F8-4F4D-BFE6-36C80DADA215}.Release|x86.Build.0 = Release|Win32
		{14C385C3-8556-4EF1-8137-4C8A2B5DD6DD}.Debug|x64.ActiveCfg = Debug|x64
		{14C385C3-8556-4EF1-8137-4C8A2B5DD6DD}.Debug|x64.Build.0 = Debug|x64
		{14C385C3-8556-4EF1-8137-4C8A2B5DD6DD}.Debug|x86.ActiveCfg = Debug|Win32
		{14C385C3-8556-4EF1-8137-4C8A2B5DD6DD}.Debug|x86.Build.0 = Debug|Win32
		{14C385C3-8556-4EF1-8137-4C8A2B5DD6DD}.Release|x64.ActiveCfg = Release|x64
		{14C385C3-8556-4EF1-8137-4C8A2B5DD6DD}.Release|x64.Build.0 = Release|x64
		{14C385C3-8556-4EF1-8137-4C8A2B5DD6DD}.Release|x86.ActiveCfg = Release|Win32
		{14C385C3-8556-4EF1-8137-4C8A2B5DD6DD}.Release|x86.Build.0 = Release|Win32
		{EBA3435F-3332-4A13-90D1-C9E6D2AED4F4}.Debug|x64.ActiveCfg = Debug|x64
		{EBA3435F-3332-4A13-90D1-C9E6D2AED4F4}.Debug|x64.Build.0 = Debug|x64
		{EBA3435F-3332-4A13-90D1-C9E6D2AED4F4}.Debug|x86.ActiveCfg = Debug|Win32
		{EBA3435F-3332-4A13-90D1-C9E6D2AED4F4}.Debug|x86.Build.0 = Debug|Win32
		{EBA3435F-3332-4A13-90D1-C9E6D2AED4F4}.Release|x64.ActiveCfg = Release|x64
		{EBA3435F-3332-4A13-90D1-C9E6D2AED4F4}.Release|x64.Build.0 = Release|x64
		{EBA3435F-3332-4A13-90D1-C9E6D2AED4F4}.Release|x86.ActiveCfg = Release|Win32
		{EBA3435F-3332-4A13-90D1-C9E6D2AED4F4}.Release|x86.Build.0 = Release|Win32
		{4ACCD100-6264-448F-8CE8-8BE869B687F7}.Debug|x64.ActiveCfg = Debug|x64
		{4ACCD100-6264-448F-8CE8-8BE869B687F7}.Debug|x64.Build.0 = Debug|x64
		{4ACCD100-6264-448F-8CE8-8BE869B687F7}.Debug|x86.ActiveCfg = Debug|Win32
		{4ACCD100-6264-448F-8CE8-8BE869B687F7}.Debug|x86.Build.0 = Debug|Win32
		{4ACCD100-6264-448F-8CE8-8BE869B687F7}.Release|x64.ActiveCfg = Release|x64
		{4ACCD100-6264-448F-8CE8-8BE869B687F7}.Release|x64.Build.0 = Release|x64
		{4ACCD100-6264-448F-8CE8-8BE869B687F7}.Release|x86.ActiveCfg = Release|Win32
		{4ACCD100-6264-448F-8CE8-8BE869B687F7}.Release|x86.Build.0 = Release|Win32
		{5FD4E42C-323A-45FB-8181-2AA317943DED}.Debug|x64.ActiveCfg = Debug|x64
		{5FD4E42C-323A-45FB-8181-2AA317943DED}.Debug|x64.Build.0 = Debug|x64
		{5FD4E42C-323A-45FB-8181-2AA317943DED}.Debug|x86.ActiveCfg = Debug|Win32
		{5FD4E42C-323A-45FB-8181-2AA317943DED}.Debug|x86.Build.0 = Debug|Win32
		{5FD4E42C-323A-45FB-8181-2AA317943DED}.Release|x64.ActiveCfg = Release|x64
		{5FD4E42C-323A-45FB-8181-2AA317943DED}.Release|x64.Build.0 = Release|x64
		{5FD4E42C-323A-45FB-8181-2AA317943DED}.Release|x86.ActiveCfg = Release|Win32
		{5FD4E42C-323A-45FB-8181-2AA317943DED}.Release|x86.Build.0 = Release|Win32
		{8E2F7E34-FB95-4DDA-8B8B-9BA6AED422E0}.Debug|x64.ActiveCfg = Debug|x64
		{8E2F7E34-FB95-4DDA-8B8B-9BA6AED422E0}.Debug|x64.Build.0 = Debug|x64
		{8E2F7E34-FB95-4DDA-8B8B-9BA6AED422E0}.Debug|x86.ActiveCfg = Debug|Win32
		{8E2F7E34-FB95-4DDA-8B8B-9BA6AED422E0}.Debug|x86.Build.0 = Debug|Win32
		{8E2F7E34-FB95-4DDA-8B8B-9BA6AED422E0}.Release|x64.ActiveCfg = Release|x64
		{8E2F7E34-FB95-4DDA-8B8B-9BA6AED422E0}.Release|x64.Build.0 = Release|x64
		{8E2F7E34-FB95-4DDA-8B8B-9BA6AED422E0}.Release|x86.ActiveCfg = Release|Win32
		{8E2F7E34-FB95-4DDA-8B8B-9BA6AED422E0}.Release|x86.Build.0 = Release|Win32
		{BA3E191A-B765-41FA-B0BE-1639BEBBEED6}.Debug|x64.ActiveCfg = Debug|x64
		{BA3E191A-B765-41FA-B0BE-1639BEBBEED6}.Debug|x64.Build.0 = Debug|x64
		{BA3E191A-B765-41FA-B0BE-1639BEBBEED6}.Debug|x86.ActiveCfg = Debug|Win32
		{BA3E191A-B765-41FA-B0BE-1639BEBBEED6}.Debug|x86.Build.0 = Debug|Win32
		{BA3E191A-B765-41FA-B0BE-1639BEBBEED6}.Release|x64.ActiveCfg = Release|x64
		{BA3E191A-B765-41FA-B0BE-1639BEBBEED6}.Release|x64.Build.0 = Release|x64
		{BA3E191A-B765-41FA-B0BE-1639BEBBEED6}.Release|x86.ActiveCfg = Release|Win32
		{BA3E191A-B765-41FA-B0BE-1639BEBBEED6}.Release|x86.Build.0 = Release|Win32
		{EB5E306E-8AC4-46F2-9C8F-F21485D60419}.Debug|x64.ActiveCfg = Debug|x64
		{EB5E306E-8AC4-46F2-9C8F-F21485D60419}.Debug|x64.Build.0 = Debug|x64
		{EB5E306E-8AC4-46F2-9C8F-F21485D60419}.Debug|x86.ActiveCfg = Debug|Win32
		{EB5E306E-8AC4-46F2-9C8F-F21485D60419}.Debug|x86.Build.0 = Debug|Win32
		{EB5E306E-8AC4-46F2-9C8F-F21485D60419}.Release|x64.ActiveCfg = Release|x64
		{EB5E306E-8AC4-46F2-9C8F-F21485D60419}.Release|x64.Build.0 = Release|x64
		{EB5E306E-8AC4-46F2-9C8F-F21485D60419}.Release|x86.ActiveCfg = Release|Win32
		{EB5E306E-8AC4-46F2-9C8F-F21485D60419}.Release|x86.Build.0 = Release|Win32
		{75E50300-07D9-4F5A-AB1F-E47D612FD2FB}.Debug|x64.ActiveCfg = Debug|x64
		{75E50300-07D9-4F5A-AB1F-E47D612FD2FB}.Debug|x64.Build.0 = Debug|x64
		{75E50300-07D9-4F5A-AB1F-E47D612FD2FB}.Debug|x86.ActiveCfg = Debug|Win32
		{75E50300-07D9-4F5A-AB1F-E47D612FD2FB}.Debug|x86.Build.0 = Debug|Win32
		{75E50300-07D9-4F5A-AB1F-E47D612FD2FB}.Release|x64.ActiveCfg = Release|x64
		{75E50300-07D9-4F5A-AB1F-E47D612FD2FB}.Release|x64.Build.0 = Release|x64
		{75E50300-07D9-4F5A-AB1F-E47D612FD2FB}.Release|x86.ActiveCfg = Release|Win32
		{75E50300-07D9-4F5A-AB1F-E47D612FD2FB}.Release|x86.Build.0 = Release|Win32
		{A4BCD0F9-6877-4894-A0C2-AACA8157518A}.Debug|x64.ActiveCfg = Debug|x64
		{A4BCD0F9-6877-4894-A0C2-AACA8157518A}.Debug|x64.Build.0 = Debug|x64
		{A4BCD0F9-6877-4894-A0C2-AACA8157518A}.Debug|x86.ActiveCfg = Debug|Win32
		{A4BCD0F9-6877-4894-A0C2-AACA8157518A}.Debug|x86.Build.0 = Debug|Win32
		{A4BCD0F9-6877-4894-A0C2-AACA8157518A}.Release|x64.ActiveCfg = Release|x64
		{A4BCD0F9-6877-4894-A0C2-AACA8157518A}.Release|x64.Build.0 = Release|x64
		{A4BCD0F9-6877-4894-A0C2-AACA8157518A}.Release|x86.ActiveCfg = Release|Win32
		{A4BCD0F9-6877-4894-A0C2-AACA8157518A}.Release|x86.Build.0 = Release|Win32
		{F2D7BB2A-2C79-4EFD-AD01-6DD5782BD0C7}.Debug|x64.ActiveCfg = Debug|x64
		{F2D7BB2A-2C79-4EFD-AD01-6DD5782BD0C7}.Debug|x64.Build.0 = Debug|x64
		{F2D7BB2A-2C79-4EFD-AD01-6DD5782BD0C7}.Debug|x86.ActiveCfg = Debug|Win32
		{F2D7BB2A-2C79-4EFD-AD01-6DD5782BD0C7}.Debug|x86.Build.0 = Debug|Win32
		{F2D7BB2A-2C79-4EFD-AD01-6DD5782BD0C7}.Release|x64.ActiveCfg = Release|x64
		{F2D7BB2A-2C79-4EFD-AD01-6DD5782BD0C7}.Release|x64.Build.0 = Release|x64
		{F2D7BB2A-2C79-4EFD-AD01-6DD5782BD0C7}.Release|x86.ActiveCfg = Release|Win32
		{F2D7BB2A-2C79-4EFD-AD01-6DD5782BD0C7}.Release|x86.Build.0 = Release|Win32
		{9D9D9DD9-84E9-4F40-923F-E63C6E076B73}.Debug|x64.ActiveCfg = Debug|x64
		{9D9D9DD9-84E9-4F40-923F-E63C6E076B73}.Debug|x64.Build.0 = Debug|x64
		{9D9D9DD9-84E9-4F40-923F-E63C6E076B73}.Debug|x86.ActiveCfg = Debug|Win32
		{9D9D9DD9-84E9-4F40-923F-E63C6E076B73}.Debug|x86.Build.0 = Debug|Win32
		{9D9D9DD9-84E9-4F40-923F-E63C6E076B73}.Release|x64.ActiveCfg = Release|x64
		{9D9D9DD9-84E9-4F40-923F-E63C6E076B73}.Release|x64.Build.0 = Release|x64
		{9D9D9DD9-84E9-4F40-923F-E63C6E076B73}.Release|x86.ActiveCfg = Release|Win32
		{9D9D9DD9-84E9-4F40-923F-E63C6E076B73}.Release|x86.Build.0 = Release|Win32
		{45FCC9AA-A75A-4CDC-83D3-CFFBB6B99E62}.Debug|x64.ActiveCfg = Debug|x64
		{45FCC9AA-A75A-4CDC-83D3-CFFBB6B99E62}.Debug|x64.Build.0 = Debug|x64
		{45FCC9AA-A75A-4CDC-83D3-CFFBB6B99E62}.Debug|x86.ActiveCfg = Debug|Win32
		{45FCC9AA-A75A-4CDC-83D3-CFFBB6B99E62}.Debug|x86.Build.0 = Debug|Win32
		{45FCC9AA-A75A-4CDC-83D3-CFFBB6B99E62}.Release|x64.ActiveCfg = Release|x64
		{45FCC9AA-A75A-4CDC-83D3-CFFBB6B99E62}.Release|x64.Build.0 = Release|x64
		{45FCC9AA-A75A-4CDC-83D3-CFFBB6B99E62}.Release|x86.ActiveCfg = Release|Win32
		{45FCC9AA-A75A-4CDC-83D3-CFFBB6B99E62}.Release|x86.Build.0 = Release|Win32
		{E8B520C4-1215-4908-BF69-2D632A076E8B}.Debug|x64.ActiveCfg = Debug|x64
		{E8B520C4-1215-4908-BF69-2D632A076E8B}.Debug|x64.Build.0 = Debug|x64
		{E8B520C4-1215-4908-BF69-2D632A076E8B}.Debug|x86.ActiveCfg = Debug|Win32
		{E8B520C4-1215-4908-BF69-2D632A076E8B}.Debug|x86.Build.0 = Debug|Win32
		{E8B520C4-1215-4908-BF69-2D632A076E8B}.Release|x64.ActiveCfg = Release|x64
		{E8B520C4-1215-4908-BF69-2D632A076E8B}.Release|x64.Build.0 = Release|x64
		{E8B520C4-1215-4908-BF69-2D632A076E8B}.Release|x86.ActiveCfg = Release|Win32
		{E8B520C4-1215-4908-BF69-2D632A076E8B}.Release|x86.Build.0 = Release|Win32
		{A5091215-2FF0-4325-966D-DCC0153722D7}.Debug|x64.ActiveCfg = Debug|x64
		{A5091215-2FF0-4325-966D-DCC0153722D7}.Debug|x64.Build.0 = Debug|x64
		{A5091215-2FF0-4325-966D-DCC0153722D7}.Debug|x86.ActiveCfg = Debug|Win32
		{A5091215-2FF0-4325-966D-DCC0153722D7}.Debug|x86.Build.0 = Debug|Win32
		{A5091215-2FF0-4325-966D-DCC0153722D7}.Release|x64.ActiveCfg = Release|x64
		{A5091215-2FF0-4325-966D-DCC0153722D7}.Release|x64.Build.0 = Release|x64
		{A5091215-2FF0-4325-966D-DCC0153722D7}.Release|x86.ActiveCfg = Release|Win32
		{A5091215-2FF0-4325-966D-DCC0153722D7}.Release|x86.Build.0 = Release|Win32
		{ACAFCE77-9FCE-479C-AF46-35BE1D63E558}.Debug|x64.ActiveCfg = Debug|x64
		{ACAFCE77-9FCE-479C-AF46-35BE1D63E558}.Debug|x64.Build.0 = Debug|x64
		{ACAFCE77-9FCE-479C-AF46-35BE1D63E558}.Debug|x86.ActiveCfg = Debug|Win32
		{ACAFCE77-9FCE-479C-AF46-35BE1D63E558}.Debug|x86.Build.0 = Debug|Win32
		{ACAFCE77-9FCE-479C-AF46-35BE1D63E558}.Release|x64.ActiveCfg = Release|x64
		{ACAFCE77-9FCE-479C-AF46-35BE1D63E558}.Release|x64.Build.0 = Release|x64
		{ACAFCE77-9FCE-479C-AF46-35BE1D63E558}.Release|x86.ActiveCfg = Release|Win32
		{ACAFCE77-9FCE-479C-AF46-35BE1D63E558}.Release|x86.Build.0 = Release|Win32
		{93BB8AB4-BB1F-4CF3-9BB8-E57D396DB290}.Debug|x64.ActiveCfg = Debug|x64
		{93BB8AB4-BB1F-4CF3-9BB8-E57D396DB290}.Debug|x64.Build.0 = Debug|x64
		{93BB8AB4-BB1F-4CF3-9BB8-E57D396DB290}.Debug|x86.ActiveCfg = Debug|Win32
		{93BB8AB4-BB1F-4CF3-9BB8-E57D396DB290}.Debug|x86.Build.0 = Debug|Win32
		{93BB8AB4-BB1F-4CF3-9BB8-E57D396DB290}.Release|x64.ActiveCfg = Release|x64
		{93BB8AB4-BB1F-4CF3-9BB8-E57D396DB290}.Release|x64.Build.0 = Release|x64
		{93BB8AB4-BB1F-4CF3-9BB8-E57D396DB290}.Release|x86.ActiveCfg = Release|Win32
		{93BB8AB4-BB1F-4CF3-9BB8-E57D396DB290}.Release|x86.Build.0 = Release|Win32
		{DC2E1136-6CD8-4BBC-8ADF-6C7B4D308292}.Debug|x64.ActiveCfg = Debug|x64
		{DC2E1136-6CD8-4BBC-8ADF-6C7B4D308292}.Debug|x64.Build.0 = Debug|x64
		{DC2E1136-6CD8-4BBC-8ADF-6C7B4D308292}.Debug|x86.ActiveCfg = Debug|Win32
		{DC2E1136-6CD8-4BBC-8ADF-6C7B4D308292}.Debug|x86.Build.0 = Debug|Win32
		{DC2E1136-6CD8-4BBC-8ADF-6C7B4D308292}.Release|x64.ActiveCfg = Release|x64
		{DC2E1136-6CD8-4BBC-8ADF-6C7B4D308292}.Release|x64.Build.0 = Release|x64
		{DC2E1136-6CD8-4BBC-8ADF-6C7B4D308292}.Release|x86.ActiveCfg = Release|Win32
		{DC2E1136-6CD8-4BBC-8ADF-6C7B4D308292}.Release|x86.Build.0 = Release|Win32
		{D8575B66-BC96-44D2-A1E8-1E0C7B8B4277}.Debug|x64.ActiveCfg = Debug|x64
		{D8575B66-BC96-44D2-A1E8-1E0C7B8B4277}.Debug|x64.Build.0 = Debug|x64
		{D8575B66-BC96-44D2-A1E8-1E0C7B8B4277}.Debug|x86.ActiveCfg = Debug|Win32
		{D8575B66-BC96-44D2-A1E8-1E0C7B8B4277}.Debug|x86.Build.0 = Debug|Win32
		{D8575B66-BC96-44D2-A1E8-1E0C7B8B4277}.Release|x64.ActiveCfg = Release|x64
		{D8575B66-BC96-44D2-A1E8-1E0C7B8B4277}.Release|x64.Build.0 = Release|x64
		{D8575B66-BC96-44D2-A1E8-1E0C7B8B4277}.Release|x86.ActiveCfg = Release|Win32
		{D8575B66-BC96-44D2-A1E8-1E0C7B8B4277}.Release|x86.Build.0 = Release|Win32
	EndGlobalSection
	GlobalSection(SolutionProperties) = preSolution
		HideSolutionNode = FALSE
	EndGlobalSection
	GlobalSection(ExtensibilityGlobals) = postSolution
		SolutionGuid = {0B2B6A49-32A7-4D0A-9AE7-30F3AE41963E}
	EndGlobalSection
EndGlobal
